// !$*UTF8*$!
{
	archiveVersion = 1;
	classes = {
	};
	objectVersion = 46;
	objects = {

/* Begin PBXBuildFile section */
		DC1698761C207B2F00CD60AB /* ParseFacebookUtils.framework in Frameworks */ = {isa = PBXBuildFile; fileRef = DC1698741C207B2F00CD60AB /* ParseFacebookUtils.framework */; };
		DC1698771C207B2F00CD60AB /* ParseFacebookUtilsV4.framework in Frameworks */ = {isa = PBXBuildFile; fileRef = DC1698751C207B2F00CD60AB /* ParseFacebookUtilsV4.framework */; };
		DC1698811C207D5800CD60AB /* FBSDKCoreKit.framework in Frameworks */ = {isa = PBXBuildFile; fileRef = DC16987E1C207D5800CD60AB /* FBSDKCoreKit.framework */; };
		DC1698821C207D5800CD60AB /* FBSDKLoginKit.framework in Frameworks */ = {isa = PBXBuildFile; fileRef = DC16987F1C207D5800CD60AB /* FBSDKLoginKit.framework */; };
		DC1698831C207D5800CD60AB /* FBSDKShareKit.framework in Frameworks */ = {isa = PBXBuildFile; fileRef = DC1698801C207D5800CD60AB /* FBSDKShareKit.framework */; };
		DC1F39E91C343EED00E6FBE0 /* AboutViewController.swift in Sources */ = {isa = PBXBuildFile; fileRef = DC1F39E81C343EED00E6FBE0 /* AboutViewController.swift */; };
		DC1F39EB1C34C63D00E6FBE0 /* PrivacyPolicyViewController.swift in Sources */ = {isa = PBXBuildFile; fileRef = DC1F39EA1C34C63D00E6FBE0 /* PrivacyPolicyViewController.swift */; };
		DC1F39EE1C34DB3F00E6FBE0 /* EmailComposer.swift in Sources */ = {isa = PBXBuildFile; fileRef = DC1F39ED1C34DB3F00E6FBE0 /* EmailComposer.swift */; };
		DC2910E61C37DE5F0025E968 /* PostTableViewCell.swift in Sources */ = {isa = PBXBuildFile; fileRef = DC2910E51C37DE5F0025E968 /* PostTableViewCell.swift */; };
		DC2964C11C3661A300F2FEF9 /* PhotoTakingHelper.swift in Sources */ = {isa = PBXBuildFile; fileRef = DC2964C01C3661A300F2FEF9 /* PhotoTakingHelper.swift */; };
		DC2964C31C36890B00F2FEF9 /* PostDetails.swift in Sources */ = {isa = PBXBuildFile; fileRef = DC2964C21C36890B00F2FEF9 /* PostDetails.swift */; };
		DC434DFB1C213F8000995B06 /* Main.storyboard in Resources */ = {isa = PBXBuildFile; fileRef = DC434DFA1C213F8000995B06 /* Main.storyboard */; };
		DC46D2F41C3193E4008BBE48 /* ComposeViewController.swift in Sources */ = {isa = PBXBuildFile; fileRef = DC46D2F31C3193E4008BBE48 /* ComposeViewController.swift */; };
		DC54E7961C1EF9B8001496AB /* AppDelegate.swift in Sources */ = {isa = PBXBuildFile; fileRef = DC54E7951C1EF9B8001496AB /* AppDelegate.swift */; };
		DC54E79D1C1EF9B8001496AB /* Assets.xcassets in Resources */ = {isa = PBXBuildFile; fileRef = DC54E79C1C1EF9B8001496AB /* Assets.xcassets */; };
		DC54E7A01C1EF9B8001496AB /* LaunchScreen.storyboard in Resources */ = {isa = PBXBuildFile; fileRef = DC54E79E1C1EF9B8001496AB /* LaunchScreen.storyboard */; };
		DC54E7AB1C1F0E71001496AB /* Bolts.framework in Frameworks */ = {isa = PBXBuildFile; fileRef = DC54E7A91C1F0E71001496AB /* Bolts.framework */; };
		DC54E7AC1C1F0E71001496AB /* Parse.framework in Frameworks */ = {isa = PBXBuildFile; fileRef = DC54E7AA1C1F0E71001496AB /* Parse.framework */; };
		DC54E7AE1C1F0E8D001496AB /* StoreKit.framework in Frameworks */ = {isa = PBXBuildFile; fileRef = DC54E7AD1C1F0E8D001496AB /* StoreKit.framework */; };
		DC54E7B01C1F0EA3001496AB /* CoreLocation.framework in Frameworks */ = {isa = PBXBuildFile; fileRef = DC54E7AF1C1F0EA3001496AB /* CoreLocation.framework */; };
		DC54E7B21C1F0EAB001496AB /* CoreGraphics.framework in Frameworks */ = {isa = PBXBuildFile; fileRef = DC54E7B11C1F0EAB001496AB /* CoreGraphics.framework */; };
		DC54E7B41C1F0EB2001496AB /* AudioToolbox.framework in Frameworks */ = {isa = PBXBuildFile; fileRef = DC54E7B31C1F0EB2001496AB /* AudioToolbox.framework */; };
		DC54E7B61C1F0EC0001496AB /* CFNetwork.framework in Frameworks */ = {isa = PBXBuildFile; fileRef = DC54E7B51C1F0EC0001496AB /* CFNetwork.framework */; };
		DC54E7B81C1F0EC7001496AB /* QuartzCore.framework in Frameworks */ = {isa = PBXBuildFile; fileRef = DC54E7B71C1F0EC7001496AB /* QuartzCore.framework */; };
		DC54E7BA1C1F0ED5001496AB /* Security.framework in Frameworks */ = {isa = PBXBuildFile; fileRef = DC54E7B91C1F0ED5001496AB /* Security.framework */; };
		DC54E7BC1C1F0EE7001496AB /* SystemConfiguration.framework in Frameworks */ = {isa = PBXBuildFile; fileRef = DC54E7BB1C1F0EE7001496AB /* SystemConfiguration.framework */; };
		DC54E7BE1C1F0F02001496AB /* libz.tbd in Frameworks */ = {isa = PBXBuildFile; fileRef = DC54E7BD1C1F0F02001496AB /* libz.tbd */; };
		DC54E7C01C1F0F18001496AB /* libsqlite3.tbd in Frameworks */ = {isa = PBXBuildFile; fileRef = DC54E7BF1C1F0F18001496AB /* libsqlite3.tbd */; };
		DC54E7C41C1F1242001496AB /* SignInViewController.swift in Sources */ = {isa = PBXBuildFile; fileRef = DC54E7C31C1F1242001496AB /* SignInViewController.swift */; };
		DC6162051C2BA99800C484FD /* ProfileViewController.swift in Sources */ = {isa = PBXBuildFile; fileRef = DC6162041C2BA99800C484FD /* ProfileViewController.swift */; };
		DC6162091C2BAE6700C484FD /* ParseHelper.swift in Sources */ = {isa = PBXBuildFile; fileRef = DC6162081C2BAE6700C484FD /* ParseHelper.swift */; };
		DC6162101C2C35DD00C484FD /* LocalFeedViewController.swift in Sources */ = {isa = PBXBuildFile; fileRef = DC61620F1C2C35DD00C484FD /* LocalFeedViewController.swift */; };
		DC8669C11C1FEFF600692AAE /* SocialAccountViewController.swift in Sources */ = {isa = PBXBuildFile; fileRef = DC8669C01C1FEFF600692AAE /* SocialAccountViewController.swift */; };
		DC975C761C206F30007BA980 /* TwitterKit.framework in Frameworks */ = {isa = PBXBuildFile; fileRef = DC975C741C206F30007BA980 /* TwitterKit.framework */; };
		DC975C771C206F30007BA980 /* TwitterKitResources.bundle in Resources */ = {isa = PBXBuildFile; fileRef = DC975C751C206F30007BA980 /* TwitterKitResources.bundle */; };
		DC975C791C20714F007BA980 /* Accounts.framework in Frameworks */ = {isa = PBXBuildFile; fileRef = DC975C781C20714F007BA980 /* Accounts.framework */; };
		DC975C7B1C207154007BA980 /* Social.framework in Frameworks */ = {isa = PBXBuildFile; fileRef = DC975C7A1C207154007BA980 /* Social.framework */; };
		DC975C7D1C207280007BA980 /* ParseTwitterUtils.framework in Frameworks */ = {isa = PBXBuildFile; fileRef = DC975C7C1C207280007BA980 /* ParseTwitterUtils.framework */; };
		DCB65A081C22860A0094E58B /* PFUserDigits.swift in Sources */ = {isa = PBXBuildFile; fileRef = DCB65A071C22860A0094E58B /* PFUserDigits.swift */; };
		DCE90A6F1C1FE0B4004A5004 /* Fabric.framework in Frameworks */ = {isa = PBXBuildFile; fileRef = DCE90A6B1C1FE0B4004A5004 /* Fabric.framework */; };
		DCE90A701C1FE0B4004A5004 /* DigitsKit.framework in Frameworks */ = {isa = PBXBuildFile; fileRef = DCE90A6C1C1FE0B4004A5004 /* DigitsKit.framework */; };
		DCE90A711C1FE0B4004A5004 /* DigitsKitResources.bundle in Resources */ = {isa = PBXBuildFile; fileRef = DCE90A6D1C1FE0B4004A5004 /* DigitsKitResources.bundle */; };
		DCE90A721C1FE0B4004A5004 /* TwitterCore.framework in Frameworks */ = {isa = PBXBuildFile; fileRef = DCE90A6E1C1FE0B4004A5004 /* TwitterCore.framework */; };
		DCFE8E0F1C2C6278005A1100 /* NotificationsViewController.swift in Sources */ = {isa = PBXBuildFile; fileRef = DCFE8E0E1C2C6278005A1100 /* NotificationsViewController.swift */; };
		DCFE8E111C2C62C1005A1100 /* SettingsViewController.swift in Sources */ = {isa = PBXBuildFile; fileRef = DCFE8E101C2C62C1005A1100 /* SettingsViewController.swift */; };
/* End PBXBuildFile section */

/* Begin PBXFileReference section */
		DC1698741C207B2F00CD60AB /* ParseFacebookUtils.framework */ = {isa = PBXFileReference; lastKnownFileType = wrapper.framework; path = ParseFacebookUtils.framework; sourceTree = "<group>"; };
		DC1698751C207B2F00CD60AB /* ParseFacebookUtilsV4.framework */ = {isa = PBXFileReference; lastKnownFileType = wrapper.framework; path = ParseFacebookUtilsV4.framework; sourceTree = "<group>"; };
		DC16987E1C207D5800CD60AB /* FBSDKCoreKit.framework */ = {isa = PBXFileReference; lastKnownFileType = wrapper.framework; path = FBSDKCoreKit.framework; sourceTree = "<group>"; };
		DC16987F1C207D5800CD60AB /* FBSDKLoginKit.framework */ = {isa = PBXFileReference; lastKnownFileType = wrapper.framework; path = FBSDKLoginKit.framework; sourceTree = "<group>"; };
		DC1698801C207D5800CD60AB /* FBSDKShareKit.framework */ = {isa = PBXFileReference; lastKnownFileType = wrapper.framework; path = FBSDKShareKit.framework; sourceTree = "<group>"; };
		DC1F39E81C343EED00E6FBE0 /* AboutViewController.swift */ = {isa = PBXFileReference; fileEncoding = 4; lastKnownFileType = sourcecode.swift; path = AboutViewController.swift; sourceTree = "<group>"; };
		DC1F39EA1C34C63D00E6FBE0 /* PrivacyPolicyViewController.swift */ = {isa = PBXFileReference; fileEncoding = 4; lastKnownFileType = sourcecode.swift; path = PrivacyPolicyViewController.swift; sourceTree = "<group>"; };
		DC1F39ED1C34DB3F00E6FBE0 /* EmailComposer.swift */ = {isa = PBXFileReference; fileEncoding = 4; lastKnownFileType = sourcecode.swift; path = EmailComposer.swift; sourceTree = "<group>"; };
		DC2910E51C37DE5F0025E968 /* PostTableViewCell.swift */ = {isa = PBXFileReference; fileEncoding = 4; lastKnownFileType = sourcecode.swift; path = PostTableViewCell.swift; sourceTree = "<group>"; };
		DC2964C01C3661A300F2FEF9 /* PhotoTakingHelper.swift */ = {isa = PBXFileReference; fileEncoding = 4; lastKnownFileType = sourcecode.swift; path = PhotoTakingHelper.swift; sourceTree = "<group>"; };
		DC2964C21C36890B00F2FEF9 /* PostDetails.swift */ = {isa = PBXFileReference; fileEncoding = 4; lastKnownFileType = sourcecode.swift; path = PostDetails.swift; sourceTree = "<group>"; };
		DC434DFA1C213F8000995B06 /* Main.storyboard */ = {isa = PBXFileReference; fileEncoding = 4; lastKnownFileType = file.storyboard; path = Main.storyboard; sourceTree = "<group>"; };
		DC46D2F31C3193E4008BBE48 /* ComposeViewController.swift */ = {isa = PBXFileReference; fileEncoding = 4; lastKnownFileType = sourcecode.swift; path = ComposeViewController.swift; sourceTree = "<group>"; };
		DC54E7921C1EF9B8001496AB /* Spekr.app */ = {isa = PBXFileReference; explicitFileType = wrapper.application; includeInIndex = 0; path = Spekr.app; sourceTree = BUILT_PRODUCTS_DIR; };
		DC54E7951C1EF9B8001496AB /* AppDelegate.swift */ = {isa = PBXFileReference; lastKnownFileType = sourcecode.swift; path = AppDelegate.swift; sourceTree = "<group>"; };
		DC54E79C1C1EF9B8001496AB /* Assets.xcassets */ = {isa = PBXFileReference; lastKnownFileType = folder.assetcatalog; path = Assets.xcassets; sourceTree = "<group>"; };
		DC54E79F1C1EF9B8001496AB /* Base */ = {isa = PBXFileReference; lastKnownFileType = file.storyboard; name = Base; path = Base.lproj/LaunchScreen.storyboard; sourceTree = "<group>"; };
		DC54E7A11C1EF9B8001496AB /* Info.plist */ = {isa = PBXFileReference; lastKnownFileType = text.plist.xml; path = Info.plist; sourceTree = "<group>"; };
		DC54E7A91C1F0E71001496AB /* Bolts.framework */ = {isa = PBXFileReference; lastKnownFileType = wrapper.framework; path = Bolts.framework; sourceTree = "<group>"; };
		DC54E7AA1C1F0E71001496AB /* Parse.framework */ = {isa = PBXFileReference; lastKnownFileType = wrapper.framework; path = Parse.framework; sourceTree = "<group>"; };
		DC54E7AD1C1F0E8D001496AB /* StoreKit.framework */ = {isa = PBXFileReference; lastKnownFileType = wrapper.framework; name = StoreKit.framework; path = System/Library/Frameworks/StoreKit.framework; sourceTree = SDKROOT; };
		DC54E7AF1C1F0EA3001496AB /* CoreLocation.framework */ = {isa = PBXFileReference; lastKnownFileType = wrapper.framework; name = CoreLocation.framework; path = System/Library/Frameworks/CoreLocation.framework; sourceTree = SDKROOT; };
		DC54E7B11C1F0EAB001496AB /* CoreGraphics.framework */ = {isa = PBXFileReference; lastKnownFileType = wrapper.framework; name = CoreGraphics.framework; path = System/Library/Frameworks/CoreGraphics.framework; sourceTree = SDKROOT; };
		DC54E7B31C1F0EB2001496AB /* AudioToolbox.framework */ = {isa = PBXFileReference; lastKnownFileType = wrapper.framework; name = AudioToolbox.framework; path = System/Library/Frameworks/AudioToolbox.framework; sourceTree = SDKROOT; };
		DC54E7B51C1F0EC0001496AB /* CFNetwork.framework */ = {isa = PBXFileReference; lastKnownFileType = wrapper.framework; name = CFNetwork.framework; path = System/Library/Frameworks/CFNetwork.framework; sourceTree = SDKROOT; };
		DC54E7B71C1F0EC7001496AB /* QuartzCore.framework */ = {isa = PBXFileReference; lastKnownFileType = wrapper.framework; name = QuartzCore.framework; path = System/Library/Frameworks/QuartzCore.framework; sourceTree = SDKROOT; };
		DC54E7B91C1F0ED5001496AB /* Security.framework */ = {isa = PBXFileReference; lastKnownFileType = wrapper.framework; name = Security.framework; path = System/Library/Frameworks/Security.framework; sourceTree = SDKROOT; };
		DC54E7BB1C1F0EE7001496AB /* SystemConfiguration.framework */ = {isa = PBXFileReference; lastKnownFileType = wrapper.framework; name = SystemConfiguration.framework; path = System/Library/Frameworks/SystemConfiguration.framework; sourceTree = SDKROOT; };
		DC54E7BD1C1F0F02001496AB /* libz.tbd */ = {isa = PBXFileReference; lastKnownFileType = "sourcecode.text-based-dylib-definition"; name = libz.tbd; path = usr/lib/libz.tbd; sourceTree = SDKROOT; };
		DC54E7BF1C1F0F18001496AB /* libsqlite3.tbd */ = {isa = PBXFileReference; lastKnownFileType = "sourcecode.text-based-dylib-definition"; name = libsqlite3.tbd; path = usr/lib/libsqlite3.tbd; sourceTree = SDKROOT; };
		DC54E7C31C1F1242001496AB /* SignInViewController.swift */ = {isa = PBXFileReference; fileEncoding = 4; lastKnownFileType = sourcecode.swift; path = SignInViewController.swift; sourceTree = "<group>"; };
		DC6162041C2BA99800C484FD /* ProfileViewController.swift */ = {isa = PBXFileReference; fileEncoding = 4; lastKnownFileType = sourcecode.swift; path = ProfileViewController.swift; sourceTree = "<group>"; };
		DC6162081C2BAE6700C484FD /* ParseHelper.swift */ = {isa = PBXFileReference; fileEncoding = 4; lastKnownFileType = sourcecode.swift; path = ParseHelper.swift; sourceTree = "<group>"; };
		DC61620F1C2C35DD00C484FD /* LocalFeedViewController.swift */ = {isa = PBXFileReference; fileEncoding = 4; lastKnownFileType = sourcecode.swift; path = LocalFeedViewController.swift; sourceTree = "<group>"; };
		DC8669C01C1FEFF600692AAE /* SocialAccountViewController.swift */ = {isa = PBXFileReference; fileEncoding = 4; lastKnownFileType = sourcecode.swift; path = SocialAccountViewController.swift; sourceTree = "<group>"; };
		DC975C741C206F30007BA980 /* TwitterKit.framework */ = {isa = PBXFileReference; lastKnownFileType = wrapper.framework; path = TwitterKit.framework; sourceTree = SOURCE_ROOT; };
		DC975C751C206F30007BA980 /* TwitterKitResources.bundle */ = {isa = PBXFileReference; lastKnownFileType = "wrapper.plug-in"; name = TwitterKitResources.bundle; path = TwitterKit.framework/Versions/A/Resources/TwitterKitResources.bundle; sourceTree = SOURCE_ROOT; };
		DC975C781C20714F007BA980 /* Accounts.framework */ = {isa = PBXFileReference; lastKnownFileType = wrapper.framework; name = Accounts.framework; path = System/Library/Frameworks/Accounts.framework; sourceTree = SDKROOT; };
		DC975C7A1C207154007BA980 /* Social.framework */ = {isa = PBXFileReference; lastKnownFileType = wrapper.framework; name = Social.framework; path = System/Library/Frameworks/Social.framework; sourceTree = SDKROOT; };
		DC975C7C1C207280007BA980 /* ParseTwitterUtils.framework */ = {isa = PBXFileReference; lastKnownFileType = wrapper.framework; path = ParseTwitterUtils.framework; sourceTree = "<group>"; };
		DCB65A071C22860A0094E58B /* PFUserDigits.swift */ = {isa = PBXFileReference; fileEncoding = 4; lastKnownFileType = sourcecode.swift; path = PFUserDigits.swift; sourceTree = "<group>"; };
		DCE90A6B1C1FE0B4004A5004 /* Fabric.framework */ = {isa = PBXFileReference; lastKnownFileType = wrapper.framework; path = Fabric.framework; sourceTree = SOURCE_ROOT; };
		DCE90A6C1C1FE0B4004A5004 /* DigitsKit.framework */ = {isa = PBXFileReference; lastKnownFileType = wrapper.framework; path = DigitsKit.framework; sourceTree = SOURCE_ROOT; };
		DCE90A6D1C1FE0B4004A5004 /* DigitsKitResources.bundle */ = {isa = PBXFileReference; lastKnownFileType = "wrapper.plug-in"; name = DigitsKitResources.bundle; path = DigitsKit.framework/Versions/A/Resources/DigitsKitResources.bundle; sourceTree = SOURCE_ROOT; };
		DCE90A6E1C1FE0B4004A5004 /* TwitterCore.framework */ = {isa = PBXFileReference; lastKnownFileType = wrapper.framework; path = TwitterCore.framework; sourceTree = SOURCE_ROOT; };
		DCFE8E0E1C2C6278005A1100 /* NotificationsViewController.swift */ = {isa = PBXFileReference; fileEncoding = 4; lastKnownFileType = sourcecode.swift; path = NotificationsViewController.swift; sourceTree = "<group>"; };
		DCFE8E101C2C62C1005A1100 /* SettingsViewController.swift */ = {isa = PBXFileReference; fileEncoding = 4; lastKnownFileType = sourcecode.swift; path = SettingsViewController.swift; sourceTree = "<group>"; };
/* End PBXFileReference section */

/* Begin PBXFrameworksBuildPhase section */
		DC54E78F1C1EF9B8001496AB /* Frameworks */ = {
			isa = PBXFrameworksBuildPhase;
			buildActionMask = 2147483647;
			files = (
				DC975C7B1C207154007BA980 /* Social.framework in Frameworks */,
				DC975C7D1C207280007BA980 /* ParseTwitterUtils.framework in Frameworks */,
				DC1698771C207B2F00CD60AB /* ParseFacebookUtilsV4.framework in Frameworks */,
				DC1698811C207D5800CD60AB /* FBSDKCoreKit.framework in Frameworks */,
				DC975C791C20714F007BA980 /* Accounts.framework in Frameworks */,
				DC1698821C207D5800CD60AB /* FBSDKLoginKit.framework in Frameworks */,
				DC54E7C01C1F0F18001496AB /* libsqlite3.tbd in Frameworks */,
				DC54E7BE1C1F0F02001496AB /* libz.tbd in Frameworks */,
				DC1698831C207D5800CD60AB /* FBSDKShareKit.framework in Frameworks */,
				DC54E7BC1C1F0EE7001496AB /* SystemConfiguration.framework in Frameworks */,
				DCE90A701C1FE0B4004A5004 /* DigitsKit.framework in Frameworks */,
				DC54E7BA1C1F0ED5001496AB /* Security.framework in Frameworks */,
				DC54E7B81C1F0EC7001496AB /* QuartzCore.framework in Frameworks */,
				DC54E7B61C1F0EC0001496AB /* CFNetwork.framework in Frameworks */,
				DC54E7B41C1F0EB2001496AB /* AudioToolbox.framework in Frameworks */,
				DC54E7B21C1F0EAB001496AB /* CoreGraphics.framework in Frameworks */,
				DCE90A6F1C1FE0B4004A5004 /* Fabric.framework in Frameworks */,
				DCE90A721C1FE0B4004A5004 /* TwitterCore.framework in Frameworks */,
				DC975C761C206F30007BA980 /* TwitterKit.framework in Frameworks */,
				DC54E7B01C1F0EA3001496AB /* CoreLocation.framework in Frameworks */,
				DC54E7AE1C1F0E8D001496AB /* StoreKit.framework in Frameworks */,
				DC54E7AC1C1F0E71001496AB /* Parse.framework in Frameworks */,
				DC1698761C207B2F00CD60AB /* ParseFacebookUtils.framework in Frameworks */,
				DC54E7AB1C1F0E71001496AB /* Bolts.framework in Frameworks */,
			);
			runOnlyForDeploymentPostprocessing = 0;
		};
/* End PBXFrameworksBuildPhase section */

/* Begin PBXGroup section */
		DC1F39E71C343ED700E6FBE0 /* SettingItemsViewControllers */ = {
			isa = PBXGroup;
			children = (
				DC1F39E81C343EED00E6FBE0 /* AboutViewController.swift */,
				DC1F39EA1C34C63D00E6FBE0 /* PrivacyPolicyViewController.swift */,
			);
			path = SettingItemsViewControllers;
			sourceTree = "<group>";
		};
		DC1F39EC1C34DAF200E6FBE0 /* HelperClasses */ = {
			isa = PBXGroup;
			children = (
				DC1F39ED1C34DB3F00E6FBE0 /* EmailComposer.swift */,
				DC2964C01C3661A300F2FEF9 /* PhotoTakingHelper.swift */,
			);
			path = HelperClasses;
			sourceTree = "<group>";
		};
		DC54E7891C1EF9B8001496AB = {
			isa = PBXGroup;
			children = (
				DC54E7941C1EF9B8001496AB /* Spekr */,
				DC54E7931C1EF9B8001496AB /* Products */,
			);
			sourceTree = "<group>";
		};
		DC54E7931C1EF9B8001496AB /* Products */ = {
			isa = PBXGroup;
			children = (
				DC54E7921C1EF9B8001496AB /* Spekr.app */,
			);
			name = Products;
			sourceTree = "<group>";
		};
		DC54E7941C1EF9B8001496AB /* Spekr */ = {
			isa = PBXGroup;
			children = (
				DC61620C1C2BB77D00C484FD /* Models */,
				DCE90A671C1FDEEB004A5004 /* Helpers */,
				DC54E7A81C1F0E1A001496AB /* Frameworks */,
				DC54E7A71C1F0ABA001496AB /* ViewControllers */,
				DC54E7951C1EF9B8001496AB /* AppDelegate.swift */,
				DC54E79C1C1EF9B8001496AB /* Assets.xcassets */,
				DC434DFA1C213F8000995B06 /* Main.storyboard */,
				DC54E79E1C1EF9B8001496AB /* LaunchScreen.storyboard */,
				DC54E7A11C1EF9B8001496AB /* Info.plist */,
			);
			path = Spekr;
			sourceTree = "<group>";
		};
		DC54E7A71C1F0ABA001496AB /* ViewControllers */ = {
			isa = PBXGroup;
			children = (
				DC1F39E71C343ED700E6FBE0 /* SettingItemsViewControllers */,
				DC54E7C31C1F1242001496AB /* SignInViewController.swift */,
				DC8669C01C1FEFF600692AAE /* SocialAccountViewController.swift */,
				DC6162041C2BA99800C484FD /* ProfileViewController.swift */,
				DC61620F1C2C35DD00C484FD /* LocalFeedViewController.swift */,
				DCFE8E0E1C2C6278005A1100 /* NotificationsViewController.swift */,
				DC46D2F31C3193E4008BBE48 /* ComposeViewController.swift */,
				DCFE8E101C2C62C1005A1100 /* SettingsViewController.swift */,
				DC2910E51C37DE5F0025E968 /* PostTableViewCell.swift */,
			);
			path = ViewControllers;
			sourceTree = "<group>";
		};
		DC54E7A81C1F0E1A001496AB /* Frameworks */ = {
			isa = PBXGroup;
			children = (
				DC975C7A1C207154007BA980 /* Social.framework */,
				DC975C781C20714F007BA980 /* Accounts.framework */,
				DC16987E1C207D5800CD60AB /* FBSDKCoreKit.framework */,
				DC16987F1C207D5800CD60AB /* FBSDKLoginKit.framework */,
				DC1698801C207D5800CD60AB /* FBSDKShareKit.framework */,
				DC1698741C207B2F00CD60AB /* ParseFacebookUtils.framework */,
				DC1698751C207B2F00CD60AB /* ParseFacebookUtilsV4.framework */,
				DC975C7C1C207280007BA980 /* ParseTwitterUtils.framework */,
				DC975C741C206F30007BA980 /* TwitterKit.framework */,
				DC975C751C206F30007BA980 /* TwitterKitResources.bundle */,
				DCE90A6B1C1FE0B4004A5004 /* Fabric.framework */,
				DCE90A6C1C1FE0B4004A5004 /* DigitsKit.framework */,
				DCE90A6D1C1FE0B4004A5004 /* DigitsKitResources.bundle */,
				DCE90A6E1C1FE0B4004A5004 /* TwitterCore.framework */,
				DC54E7BF1C1F0F18001496AB /* libsqlite3.tbd */,
				DC54E7BD1C1F0F02001496AB /* libz.tbd */,
				DC54E7BB1C1F0EE7001496AB /* SystemConfiguration.framework */,
				DC54E7B91C1F0ED5001496AB /* Security.framework */,
				DC54E7B71C1F0EC7001496AB /* QuartzCore.framework */,
				DC54E7B51C1F0EC0001496AB /* CFNetwork.framework */,
				DC54E7B31C1F0EB2001496AB /* AudioToolbox.framework */,
				DC54E7B11C1F0EAB001496AB /* CoreGraphics.framework */,
				DC54E7AF1C1F0EA3001496AB /* CoreLocation.framework */,
				DC54E7AD1C1F0E8D001496AB /* StoreKit.framework */,
				DC54E7A91C1F0E71001496AB /* Bolts.framework */,
				DC54E7AA1C1F0E71001496AB /* Parse.framework */,
			);
			path = Frameworks;
			sourceTree = "<group>";
		};
		DC61620C1C2BB77D00C484FD /* Models */ = {
			isa = PBXGroup;
			children = (
				DC2964C21C36890B00F2FEF9 /* PostDetails.swift */,
			);
			path = Models;
			sourceTree = "<group>";
		};
		DCE90A671C1FDEEB004A5004 /* Helpers */ = {
			isa = PBXGroup;
			children = (
				DC1F39EC1C34DAF200E6FBE0 /* HelperClasses */,
				DCE90A681C1FDEEB004A5004 /* ErrorHelpers */,
				DCE90A691C1FDEEB004A5004 /* ParseHelpers */,
			);
			path = Helpers;
			sourceTree = "<group>";
		};
		DCE90A681C1FDEEB004A5004 /* ErrorHelpers */ = {
			isa = PBXGroup;
			children = (
			);
			path = ErrorHelpers;
			sourceTree = "<group>";
		};
		DCE90A691C1FDEEB004A5004 /* ParseHelpers */ = {
			isa = PBXGroup;
			children = (
				DCB65A071C22860A0094E58B /* PFUserDigits.swift */,
				DC6162081C2BAE6700C484FD /* ParseHelper.swift */,
			);
			path = ParseHelpers;
			sourceTree = "<group>";
		};
/* End PBXGroup section */

/* Begin PBXNativeTarget section */
		DC54E7911C1EF9B8001496AB /* Spekr */ = {
			isa = PBXNativeTarget;
			buildConfigurationList = DC54E7A41C1EF9B8001496AB /* Build configuration list for PBXNativeTarget "Spekr" */;
			buildPhases = (
				DC54E78E1C1EF9B8001496AB /* Sources */,
				DC54E78F1C1EF9B8001496AB /* Frameworks */,
				DC54E7901C1EF9B8001496AB /* Resources */,
				DCE90A6A1C1FE05D004A5004 /* ShellScript */,
			);
			buildRules = (
			);
			dependencies = (
			);
			name = Spekr;
			productName = Spekr;
			productReference = DC54E7921C1EF9B8001496AB /* Spekr.app */;
			productType = "com.apple.product-type.application";
		};
/* End PBXNativeTarget section */

/* Begin PBXProject section */
		DC54E78A1C1EF9B8001496AB /* Project object */ = {
			isa = PBXProject;
			attributes = {
				LastSwiftUpdateCheck = 0710;
				LastUpgradeCheck = 0710;
				ORGANIZATIONNAME = "Arjun Kodur";
				TargetAttributes = {
					DC54E7911C1EF9B8001496AB = {
						CreatedOnToolsVersion = 7.1.1;
						DevelopmentTeam = E696HLUBV9;
					};
				};
			};
			buildConfigurationList = DC54E78D1C1EF9B8001496AB /* Build configuration list for PBXProject "Spekr" */;
			compatibilityVersion = "Xcode 3.2";
			developmentRegion = English;
			hasScannedForEncodings = 0;
			knownRegions = (
				en,
				Base,
			);
			mainGroup = DC54E7891C1EF9B8001496AB;
			productRefGroup = DC54E7931C1EF9B8001496AB /* Products */;
			projectDirPath = "";
			projectRoot = "";
			targets = (
				DC54E7911C1EF9B8001496AB /* Spekr */,
			);
		};
/* End PBXProject section */

/* Begin PBXResourcesBuildPhase section */
		DC54E7901C1EF9B8001496AB /* Resources */ = {
			isa = PBXResourcesBuildPhase;
			buildActionMask = 2147483647;
			files = (
				DCE90A711C1FE0B4004A5004 /* DigitsKitResources.bundle in Resources */,
				DC434DFB1C213F8000995B06 /* Main.storyboard in Resources */,
				DC54E7A01C1EF9B8001496AB /* LaunchScreen.storyboard in Resources */,
				DC54E79D1C1EF9B8001496AB /* Assets.xcassets in Resources */,
				DC975C771C206F30007BA980 /* TwitterKitResources.bundle in Resources */,
			);
			runOnlyForDeploymentPostprocessing = 0;
		};
/* End PBXResourcesBuildPhase section */

/* Begin PBXShellScriptBuildPhase section */
		DCE90A6A1C1FE05D004A5004 /* ShellScript */ = {
			isa = PBXShellScriptBuildPhase;
			buildActionMask = 2147483647;
			files = (
			);
			inputPaths = (
			);
			outputPaths = (
			);
			runOnlyForDeploymentPostprocessing = 0;
			shellPath = /bin/sh;
			shellScript = "./Fabric.framework/run 4ddd1869502455974a6c4c3f575a654a633ab426 f741e96808b447cb783ebf2f80947266040688ccb92f0acf84a27c3d8ee4d5b0";
		};
/* End PBXShellScriptBuildPhase section */

/* Begin PBXSourcesBuildPhase section */
		DC54E78E1C1EF9B8001496AB /* Sources */ = {
			isa = PBXSourcesBuildPhase;
			buildActionMask = 2147483647;
			files = (
				DC6162101C2C35DD00C484FD /* LocalFeedViewController.swift in Sources */,
				DC8669C11C1FEFF600692AAE /* SocialAccountViewController.swift in Sources */,
				DC1F39E91C343EED00E6FBE0 /* AboutViewController.swift in Sources */,
				DC1F39EB1C34C63D00E6FBE0 /* PrivacyPolicyViewController.swift in Sources */,
				DC2964C11C3661A300F2FEF9 /* PhotoTakingHelper.swift in Sources */,
				DC54E7C41C1F1242001496AB /* SignInViewController.swift in Sources */,
				DC6162051C2BA99800C484FD /* ProfileViewController.swift in Sources */,
				DCB65A081C22860A0094E58B /* PFUserDigits.swift in Sources */,
				DC46D2F41C3193E4008BBE48 /* ComposeViewController.swift in Sources */,
				DC54E7961C1EF9B8001496AB /* AppDelegate.swift in Sources */,
				DC6162091C2BAE6700C484FD /* ParseHelper.swift in Sources */,
				DC2910E61C37DE5F0025E968 /* PostTableViewCell.swift in Sources */,
				DCFE8E0F1C2C6278005A1100 /* NotificationsViewController.swift in Sources */,
				DC2964C31C36890B00F2FEF9 /* PostDetails.swift in Sources */,
				DCFE8E111C2C62C1005A1100 /* SettingsViewController.swift in Sources */,
				DC1F39EE1C34DB3F00E6FBE0 /* EmailComposer.swift in Sources */,
			);
			runOnlyForDeploymentPostprocessing = 0;
		};
/* End PBXSourcesBuildPhase section */

/* Begin PBXVariantGroup section */
		DC54E79E1C1EF9B8001496AB /* LaunchScreen.storyboard */ = {
			isa = PBXVariantGroup;
			children = (
				DC54E79F1C1EF9B8001496AB /* Base */,
			);
			name = LaunchScreen.storyboard;
			sourceTree = "<group>";
		};
/* End PBXVariantGroup section */

/* Begin XCBuildConfiguration section */
		DC54E7A21C1EF9B8001496AB /* Debug */ = {
			isa = XCBuildConfiguration;
			buildSettings = {
				ALWAYS_SEARCH_USER_PATHS = NO;
				CLANG_CXX_LANGUAGE_STANDARD = "gnu++0x";
				CLANG_CXX_LIBRARY = "libc++";
				CLANG_ENABLE_MODULES = YES;
				CLANG_ENABLE_OBJC_ARC = YES;
				CLANG_WARN_BOOL_CONVERSION = YES;
				CLANG_WARN_CONSTANT_CONVERSION = YES;
				CLANG_WARN_DIRECT_OBJC_ISA_USAGE = YES_ERROR;
				CLANG_WARN_EMPTY_BODY = YES;
				CLANG_WARN_ENUM_CONVERSION = YES;
				CLANG_WARN_INT_CONVERSION = YES;
				CLANG_WARN_OBJC_ROOT_CLASS = YES_ERROR;
				CLANG_WARN_UNREACHABLE_CODE = YES;
				CLANG_WARN__DUPLICATE_METHOD_MATCH = YES;
				"CODE_SIGN_IDENTITY[sdk=iphoneos*]" = "iPhone Developer";
				COPY_PHASE_STRIP = NO;
				DEBUG_INFORMATION_FORMAT = dwarf;
				ENABLE_STRICT_OBJC_MSGSEND = YES;
				ENABLE_TESTABILITY = YES;
				GCC_C_LANGUAGE_STANDARD = gnu99;
				GCC_DYNAMIC_NO_PIC = NO;
				GCC_NO_COMMON_BLOCKS = YES;
				GCC_OPTIMIZATION_LEVEL = 0;
				GCC_PREPROCESSOR_DEFINITIONS = (
					"DEBUG=1",
					"$(inherited)",
				);
				GCC_WARN_64_TO_32_BIT_CONVERSION = YES;
				GCC_WARN_ABOUT_RETURN_TYPE = YES_ERROR;
				GCC_WARN_UNDECLARED_SELECTOR = YES;
				GCC_WARN_UNINITIALIZED_AUTOS = YES_AGGRESSIVE;
				GCC_WARN_UNUSED_FUNCTION = YES;
				GCC_WARN_UNUSED_VARIABLE = YES;
				IPHONEOS_DEPLOYMENT_TARGET = 9.1;
				MTL_ENABLE_DEBUG_INFO = YES;
				ONLY_ACTIVE_ARCH = YES;
				SDKROOT = iphoneos;
				SWIFT_OPTIMIZATION_LEVEL = "-Onone";
			};
			name = Debug;
		};
		DC54E7A31C1EF9B8001496AB /* Release */ = {
			isa = XCBuildConfiguration;
			buildSettings = {
				ALWAYS_SEARCH_USER_PATHS = NO;
				CLANG_CXX_LANGUAGE_STANDARD = "gnu++0x";
				CLANG_CXX_LIBRARY = "libc++";
				CLANG_ENABLE_MODULES = YES;
				CLANG_ENABLE_OBJC_ARC = YES;
				CLANG_WARN_BOOL_CONVERSION = YES;
				CLANG_WARN_CONSTANT_CONVERSION = YES;
				CLANG_WARN_DIRECT_OBJC_ISA_USAGE = YES_ERROR;
				CLANG_WARN_EMPTY_BODY = YES;
				CLANG_WARN_ENUM_CONVERSION = YES;
				CLANG_WARN_INT_CONVERSION = YES;
				CLANG_WARN_OBJC_ROOT_CLASS = YES_ERROR;
				CLANG_WARN_UNREACHABLE_CODE = YES;
				CLANG_WARN__DUPLICATE_METHOD_MATCH = YES;
				"CODE_SIGN_IDENTITY[sdk=iphoneos*]" = "iPhone Developer";
				COPY_PHASE_STRIP = NO;
				DEBUG_INFORMATION_FORMAT = "dwarf-with-dsym";
				ENABLE_NS_ASSERTIONS = NO;
				ENABLE_STRICT_OBJC_MSGSEND = YES;
				GCC_C_LANGUAGE_STANDARD = gnu99;
				GCC_NO_COMMON_BLOCKS = YES;
				GCC_WARN_64_TO_32_BIT_CONVERSION = YES;
				GCC_WARN_ABOUT_RETURN_TYPE = YES_ERROR;
				GCC_WARN_UNDECLARED_SELECTOR = YES;
				GCC_WARN_UNINITIALIZED_AUTOS = YES_AGGRESSIVE;
				GCC_WARN_UNUSED_FUNCTION = YES;
				GCC_WARN_UNUSED_VARIABLE = YES;
				IPHONEOS_DEPLOYMENT_TARGET = 9.1;
				MTL_ENABLE_DEBUG_INFO = NO;
				SDKROOT = iphoneos;
				VALIDATE_PRODUCT = YES;
			};
			name = Release;
		};
		DC54E7A51C1EF9B8001496AB /* Debug */ = {
			isa = XCBuildConfiguration;
			buildSettings = {
				ASSETCATALOG_COMPILER_APPICON_NAME = AppIcon;
				CODE_SIGN_IDENTITY = "iPhone Developer";
				FRAMEWORK_SEARCH_PATHS = (
					"$(inherited)",
					"$(PROJECT_DIR)/Spekr/Frameworks",
					"$(PROJECT_DIR)",
				);
				INFOPLIST_FILE = Spekr/Info.plist;
				IPHONEOS_DEPLOYMENT_TARGET = 9.2;
				LD_RUNPATH_SEARCH_PATHS = "$(inherited) @executable_path/Frameworks";
				PRODUCT_BUNDLE_IDENTIFIER = com.spekrapp.Spekr;
				PRODUCT_NAME = "$(TARGET_NAME)";
			};
			name = Debug;
		};
		DC54E7A61C1EF9B8001496AB /* Release */ = {
			isa = XCBuildConfiguration;
			buildSettings = {
				ASSETCATALOG_COMPILER_APPICON_NAME = AppIcon;
				CODE_SIGN_IDENTITY = "iPhone Developer";
				FRAMEWORK_SEARCH_PATHS = (
					"$(inherited)",
					"$(PROJECT_DIR)/Spekr/Frameworks",
					"$(PROJECT_DIR)",
				);
				INFOPLIST_FILE = Spekr/Info.plist;
				IPHONEOS_DEPLOYMENT_TARGET = 9.2;
				LD_RUNPATH_SEARCH_PATHS = "$(inherited) @executable_path/Frameworks";
				PRODUCT_BUNDLE_IDENTIFIER = com.spekrapp.Spekr;
				PRODUCT_NAME = "$(TARGET_NAME)";
			};
			name = Release;
		};
/* End XCBuildConfiguration section */

/* Begin XCConfigurationList section */
		DC54E78D1C1EF9B8001496AB /* Build configuration list for PBXProject "Spekr" */ = {
			isa = XCConfigurationList;
			buildConfigurations = (
				DC54E7A21C1EF9B8001496AB /* Debug */,
				DC54E7A31C1EF9B8001496AB /* Release */,
			);
			defaultConfigurationIsVisible = 0;
			defaultConfigurationName = Release;
		};
		DC54E7A41C1EF9B8001496AB /* Build configuration list for PBXNativeTarget "Spekr" */ = {
			isa = XCConfigurationList;
			buildConfigurations = (
				DC54E7A51C1EF9B8001496AB /* Debug */,
				DC54E7A61C1EF9B8001496AB /* Release */,
			);
			defaultConfigurationIsVisible = 0;
			defaultConfigurationName = Release;
		};
/* End XCConfigurationList section */
	};
	rootObject = DC54E78A1C1EF9B8001496AB /* Project object */;
}
