// !$*UTF8*$!
{
	archiveVersion = 1;
	classes = {
	};
	objectVersion = 46;
	objects = {

/* Begin PBXBuildFile section */
		0BEE9B5C14CBD2D9BB10B3E1 /* Pods_Spekr.framework in Frameworks */ = {isa = PBXBuildFile; fileRef = 3EEAD013E78665B52F84469C /* Pods_Spekr.framework */; };
		DC0B52AC1C60A1C700D83037 /* UIColorExtension.swift in Sources */ = {isa = PBXBuildFile; fileRef = DC0B52AB1C60A1C700D83037 /* UIColorExtension.swift */; };
		DC0B52AE1C60D97D00D83037 /* SweetAlert.swift in Sources */ = {isa = PBXBuildFile; fileRef = DC0B52AD1C60D97D00D83037 /* SweetAlert.swift */; };
		DC0F4B4E1C79843400A18F9E /* DACircularProgressView.m in Sources */ = {isa = PBXBuildFile; fileRef = DC0F4B4B1C79843400A18F9E /* DACircularProgressView.m */; };
		DC0F4B4F1C79843400A18F9E /* DALabeledCircularProgressView.m in Sources */ = {isa = PBXBuildFile; fileRef = DC0F4B4D1C79843400A18F9E /* DALabeledCircularProgressView.m */; };
		DC1698761C207B2F00CD60AB /* ParseFacebookUtils.framework in Frameworks */ = {isa = PBXBuildFile; fileRef = DC1698741C207B2F00CD60AB /* ParseFacebookUtils.framework */; };
		DC1698771C207B2F00CD60AB /* ParseFacebookUtilsV4.framework in Frameworks */ = {isa = PBXBuildFile; fileRef = DC1698751C207B2F00CD60AB /* ParseFacebookUtilsV4.framework */; };
		DC1698811C207D5800CD60AB /* FBSDKCoreKit.framework in Frameworks */ = {isa = PBXBuildFile; fileRef = DC16987E1C207D5800CD60AB /* FBSDKCoreKit.framework */; };
		DC1698821C207D5800CD60AB /* FBSDKLoginKit.framework in Frameworks */ = {isa = PBXBuildFile; fileRef = DC16987F1C207D5800CD60AB /* FBSDKLoginKit.framework */; };
		DC1698831C207D5800CD60AB /* FBSDKShareKit.framework in Frameworks */ = {isa = PBXBuildFile; fileRef = DC1698801C207D5800CD60AB /* FBSDKShareKit.framework */; };
		DC1F39E91C343EED00E6FBE0 /* AboutViewController.swift in Sources */ = {isa = PBXBuildFile; fileRef = DC1F39E81C343EED00E6FBE0 /* AboutViewController.swift */; };
		DC1F39EB1C34C63D00E6FBE0 /* PrivacyPolicyViewController.swift in Sources */ = {isa = PBXBuildFile; fileRef = DC1F39EA1C34C63D00E6FBE0 /* PrivacyPolicyViewController.swift */; };
		DC1F39EE1C34DB3F00E6FBE0 /* EmailComposer.swift in Sources */ = {isa = PBXBuildFile; fileRef = DC1F39ED1C34DB3F00E6FBE0 /* EmailComposer.swift */; };
		DC261B891C4C8DAC003277DE /* SafariServices.framework in Frameworks */ = {isa = PBXBuildFile; fileRef = DC261B881C4C8DAC003277DE /* SafariServices.framework */; };
		DC2910E61C37DE5F0025E968 /* PostTableViewCell.swift in Sources */ = {isa = PBXBuildFile; fileRef = DC2910E51C37DE5F0025E968 /* PostTableViewCell.swift */; };
		DC2964C11C3661A300F2FEF9 /* PhotoTakingHelper.swift in Sources */ = {isa = PBXBuildFile; fileRef = DC2964C01C3661A300F2FEF9 /* PhotoTakingHelper.swift */; };
		DC2964C31C36890B00F2FEF9 /* PostDetails.swift in Sources */ = {isa = PBXBuildFile; fileRef = DC2964C21C36890B00F2FEF9 /* PostDetails.swift */; };
		DC3B1B151C3F995E00121278 /* Crashlytics.framework in Frameworks */ = {isa = PBXBuildFile; fileRef = DC3B1B141C3F995E00121278 /* Crashlytics.framework */; };
		DC46D2F41C3193E4008BBE48 /* ComposeViewController.swift in Sources */ = {isa = PBXBuildFile; fileRef = DC46D2F31C3193E4008BBE48 /* ComposeViewController.swift */; };
		DC52D1981C3D6099003AC3F8 /* DetailCellWithImageViewController.swift in Sources */ = {isa = PBXBuildFile; fileRef = DC52D1971C3D6099003AC3F8 /* DetailCellWithImageViewController.swift */; };
		DC54E7961C1EF9B8001496AB /* AppDelegate.swift in Sources */ = {isa = PBXBuildFile; fileRef = DC54E7951C1EF9B8001496AB /* AppDelegate.swift */; };
		DC54E79D1C1EF9B8001496AB /* Assets.xcassets in Resources */ = {isa = PBXBuildFile; fileRef = DC54E79C1C1EF9B8001496AB /* Assets.xcassets */; };
		DC54E7A01C1EF9B8001496AB /* LaunchScreen.storyboard in Resources */ = {isa = PBXBuildFile; fileRef = DC54E79E1C1EF9B8001496AB /* LaunchScreen.storyboard */; };
		DC54E7AB1C1F0E71001496AB /* Bolts.framework in Frameworks */ = {isa = PBXBuildFile; fileRef = DC54E7A91C1F0E71001496AB /* Bolts.framework */; };
		DC54E7AC1C1F0E71001496AB /* Parse.framework in Frameworks */ = {isa = PBXBuildFile; fileRef = DC54E7AA1C1F0E71001496AB /* Parse.framework */; };
		DC54E7AE1C1F0E8D001496AB /* StoreKit.framework in Frameworks */ = {isa = PBXBuildFile; fileRef = DC54E7AD1C1F0E8D001496AB /* StoreKit.framework */; };
		DC54E7B01C1F0EA3001496AB /* CoreLocation.framework in Frameworks */ = {isa = PBXBuildFile; fileRef = DC54E7AF1C1F0EA3001496AB /* CoreLocation.framework */; };
		DC54E7B21C1F0EAB001496AB /* CoreGraphics.framework in Frameworks */ = {isa = PBXBuildFile; fileRef = DC54E7B11C1F0EAB001496AB /* CoreGraphics.framework */; };
		DC54E7B41C1F0EB2001496AB /* AudioToolbox.framework in Frameworks */ = {isa = PBXBuildFile; fileRef = DC54E7B31C1F0EB2001496AB /* AudioToolbox.framework */; };
		DC54E7B61C1F0EC0001496AB /* CFNetwork.framework in Frameworks */ = {isa = PBXBuildFile; fileRef = DC54E7B51C1F0EC0001496AB /* CFNetwork.framework */; };
		DC54E7B81C1F0EC7001496AB /* QuartzCore.framework in Frameworks */ = {isa = PBXBuildFile; fileRef = DC54E7B71C1F0EC7001496AB /* QuartzCore.framework */; };
		DC54E7BA1C1F0ED5001496AB /* Security.framework in Frameworks */ = {isa = PBXBuildFile; fileRef = DC54E7B91C1F0ED5001496AB /* Security.framework */; };
		DC54E7BC1C1F0EE7001496AB /* SystemConfiguration.framework in Frameworks */ = {isa = PBXBuildFile; fileRef = DC54E7BB1C1F0EE7001496AB /* SystemConfiguration.framework */; };
		DC54E7BE1C1F0F02001496AB /* libz.tbd in Frameworks */ = {isa = PBXBuildFile; fileRef = DC54E7BD1C1F0F02001496AB /* libz.tbd */; };
		DC54E7C01C1F0F18001496AB /* libsqlite3.tbd in Frameworks */ = {isa = PBXBuildFile; fileRef = DC54E7BF1C1F0F18001496AB /* libsqlite3.tbd */; };
		DC54E7C41C1F1242001496AB /* SignInViewController.swift in Sources */ = {isa = PBXBuildFile; fileRef = DC54E7C31C1F1242001496AB /* SignInViewController.swift */; };
		DC6162051C2BA99800C484FD /* AccountViewController.swift in Sources */ = {isa = PBXBuildFile; fileRef = DC6162041C2BA99800C484FD /* AccountViewController.swift */; };
		DC6162091C2BAE6700C484FD /* ParseHelper.swift in Sources */ = {isa = PBXBuildFile; fileRef = DC6162081C2BAE6700C484FD /* ParseHelper.swift */; };
		DC6162101C2C35DD00C484FD /* LocalFeedViewController.swift in Sources */ = {isa = PBXBuildFile; fileRef = DC61620F1C2C35DD00C484FD /* LocalFeedViewController.swift */; };
		DC65CF5C1C50A48A0045930C /* DetailCellViewController.swift in Sources */ = {isa = PBXBuildFile; fileRef = DC65CF5B1C50A48A0045930C /* DetailCellViewController.swift */; };
		DC65CF5E1C50C3F70045930C /* UserProfileViewController.swift in Sources */ = {isa = PBXBuildFile; fileRef = DC65CF5D1C50C3F70045930C /* UserProfileViewController.swift */; };
		DC746E411C6712B60017DBF1 /* TermsOfServiceViewController.swift in Sources */ = {isa = PBXBuildFile; fileRef = DC746E401C6712B60017DBF1 /* TermsOfServiceViewController.swift */; };
		DC77EF091C804B2400A0B6EE /* MedianOf.swift in Sources */ = {isa = PBXBuildFile; fileRef = DC77EF081C804B2400A0B6EE /* MedianOf.swift */; };
		DC77EF0B1C8067F400A0B6EE /* TodaysTotalLikes.swift in Sources */ = {isa = PBXBuildFile; fileRef = DC77EF0A1C8067F400A0B6EE /* TodaysTotalLikes.swift */; };
		DC7B85371C6BA47E00911705 /* MessageUI.framework in Frameworks */ = {isa = PBXBuildFile; fileRef = DC7B85361C6BA47E00911705 /* MessageUI.framework */; };
		DC7CB7ED1C737BEC0069E802 /* Main.storyboard in Resources */ = {isa = PBXBuildFile; fileRef = DC7CB7EC1C737BEC0069E802 /* Main.storyboard */; };
		DC7CB7F11C748F050069E802 /* SignIn.storyboard in Resources */ = {isa = PBXBuildFile; fileRef = DC7CB7F01C748F050069E802 /* SignIn.storyboard */; };
		DC7CB7F41C74909C0069E802 /* LaunchViewController.swift in Sources */ = {isa = PBXBuildFile; fileRef = DC7CB7F31C74909C0069E802 /* LaunchViewController.swift */; };
		DC8669C11C1FEFF600692AAE /* SocialAccountViewController.swift in Sources */ = {isa = PBXBuildFile; fileRef = DC8669C01C1FEFF600692AAE /* SocialAccountViewController.swift */; };
		DC975C761C206F30007BA980 /* TwitterKit.framework in Frameworks */ = {isa = PBXBuildFile; fileRef = DC975C741C206F30007BA980 /* TwitterKit.framework */; };
		DC975C771C206F30007BA980 /* TwitterKitResources.bundle in Resources */ = {isa = PBXBuildFile; fileRef = DC975C751C206F30007BA980 /* TwitterKitResources.bundle */; };
		DC975C791C20714F007BA980 /* Accounts.framework in Frameworks */ = {isa = PBXBuildFile; fileRef = DC975C781C20714F007BA980 /* Accounts.framework */; };
		DC975C7B1C207154007BA980 /* Social.framework in Frameworks */ = {isa = PBXBuildFile; fileRef = DC975C7A1C207154007BA980 /* Social.framework */; };
		DC975C7D1C207280007BA980 /* ParseTwitterUtils.framework in Frameworks */ = {isa = PBXBuildFile; fileRef = DC975C7C1C207280007BA980 /* ParseTwitterUtils.framework */; };
		DCB65A081C22860A0094E58B /* PFUserDigits.swift in Sources */ = {isa = PBXBuildFile; fileRef = DCB65A071C22860A0094E58B /* PFUserDigits.swift */; };
		DCC304141C57911D001C9E74 /* WorldFeedViewController.swift in Sources */ = {isa = PBXBuildFile; fileRef = DCC304131C57911D001C9E74 /* WorldFeedViewController.swift */; };
		DCC8A1061C436EF1009C4846 /* DateFormat.swift in Sources */ = {isa = PBXBuildFile; fileRef = DCC8A1051C436EF1009C4846 /* DateFormat.swift */; };
		DCE302591C686A35002A5B90 /* Notifications.swift in Sources */ = {isa = PBXBuildFile; fileRef = DCE302581C686A35002A5B90 /* Notifications.swift */; };
		DCE90A6F1C1FE0B4004A5004 /* Fabric.framework in Frameworks */ = {isa = PBXBuildFile; fileRef = DCE90A6B1C1FE0B4004A5004 /* Fabric.framework */; };
		DCE90A701C1FE0B4004A5004 /* DigitsKit.framework in Frameworks */ = {isa = PBXBuildFile; fileRef = DCE90A6C1C1FE0B4004A5004 /* DigitsKit.framework */; };
		DCE90A711C1FE0B4004A5004 /* DigitsKitResources.bundle in Resources */ = {isa = PBXBuildFile; fileRef = DCE90A6D1C1FE0B4004A5004 /* DigitsKitResources.bundle */; };
		DCE90A721C1FE0B4004A5004 /* TwitterCore.framework in Frameworks */ = {isa = PBXBuildFile; fileRef = DCE90A6E1C1FE0B4004A5004 /* TwitterCore.framework */; };
		DCF1CB881C7C710200169F73 /* FadeInAnimationForSegue.swift in Sources */ = {isa = PBXBuildFile; fileRef = DCF1CB871C7C710200169F73 /* FadeInAnimationForSegue.swift */; };
		DCF1CB8A1C7C716900169F73 /* NavigationControllerDelegate.swift in Sources */ = {isa = PBXBuildFile; fileRef = DCF1CB891C7C716900169F73 /* NavigationControllerDelegate.swift */; };
		DCF1CB8C1C7D9F2B00169F73 /* UserDetails.swift in Sources */ = {isa = PBXBuildFile; fileRef = DCF1CB8B1C7D9F2B00169F73 /* UserDetails.swift */; };
		DCF1CB901C7E3CEC00169F73 /* UserPostTableViewCell.swift in Sources */ = {isa = PBXBuildFile; fileRef = DCF1CB8F1C7E3CEC00169F73 /* UserPostTableViewCell.swift */; };
		DCFE8E0F1C2C6278005A1100 /* NotificationsViewController.swift in Sources */ = {isa = PBXBuildFile; fileRef = DCFE8E0E1C2C6278005A1100 /* NotificationsViewController.swift */; };
		DCFE8E111C2C62C1005A1100 /* SettingsViewController.swift in Sources */ = {isa = PBXBuildFile; fileRef = DCFE8E101C2C62C1005A1100 /* SettingsViewController.swift */; };
		DCFF0AC01C6CFBFB00E71DF6 /* NotificationTableViewCell.swift in Sources */ = {isa = PBXBuildFile; fileRef = DCFF0ABF1C6CFBFB00E71DF6 /* NotificationTableViewCell.swift */; };
/* End PBXBuildFile section */

/* Begin PBXFileReference section */
		338E117AF89E8887428E76DF /* Pods-Spekr.debug.xcconfig */ = {isa = PBXFileReference; includeInIndex = 1; lastKnownFileType = text.xcconfig; name = "Pods-Spekr.debug.xcconfig"; path = "Pods/Target Support Files/Pods-Spekr/Pods-Spekr.debug.xcconfig"; sourceTree = "<group>"; };
		3EEAD013E78665B52F84469C /* Pods_Spekr.framework */ = {isa = PBXFileReference; explicitFileType = wrapper.framework; includeInIndex = 0; path = Pods_Spekr.framework; sourceTree = BUILT_PRODUCTS_DIR; };
		478294C8D6D408863BCF6E7F /* Pods-Spekr.release.xcconfig */ = {isa = PBXFileReference; includeInIndex = 1; lastKnownFileType = text.xcconfig; name = "Pods-Spekr.release.xcconfig"; path = "Pods/Target Support Files/Pods-Spekr/Pods-Spekr.release.xcconfig"; sourceTree = "<group>"; };
		DC0B52AB1C60A1C700D83037 /* UIColorExtension.swift */ = {isa = PBXFileReference; fileEncoding = 4; lastKnownFileType = sourcecode.swift; path = UIColorExtension.swift; sourceTree = "<group>"; };
		DC0B52AD1C60D97D00D83037 /* SweetAlert.swift */ = {isa = PBXFileReference; fileEncoding = 4; lastKnownFileType = sourcecode.swift; path = SweetAlert.swift; sourceTree = "<group>"; };
		DC0F4B4A1C79843400A18F9E /* DACircularProgressView.h */ = {isa = PBXFileReference; fileEncoding = 4; lastKnownFileType = sourcecode.c.h; path = DACircularProgressView.h; sourceTree = "<group>"; };
		DC0F4B4B1C79843400A18F9E /* DACircularProgressView.m */ = {isa = PBXFileReference; fileEncoding = 4; lastKnownFileType = sourcecode.c.objc; path = DACircularProgressView.m; sourceTree = "<group>"; };
		DC0F4B4C1C79843400A18F9E /* DALabeledCircularProgressView.h */ = {isa = PBXFileReference; fileEncoding = 4; lastKnownFileType = sourcecode.c.h; path = DALabeledCircularProgressView.h; sourceTree = "<group>"; };
		DC0F4B4D1C79843400A18F9E /* DALabeledCircularProgressView.m */ = {isa = PBXFileReference; fileEncoding = 4; lastKnownFileType = sourcecode.c.objc; path = DALabeledCircularProgressView.m; sourceTree = "<group>"; };
		DC0F4B511C79852F00A18F9E /* SpekrHeader.h */ = {isa = PBXFileReference; lastKnownFileType = sourcecode.c.h; path = SpekrHeader.h; sourceTree = "<group>"; };
		DC1698741C207B2F00CD60AB /* ParseFacebookUtils.framework */ = {isa = PBXFileReference; lastKnownFileType = wrapper.framework; path = ParseFacebookUtils.framework; sourceTree = "<group>"; };
		DC1698751C207B2F00CD60AB /* ParseFacebookUtilsV4.framework */ = {isa = PBXFileReference; lastKnownFileType = wrapper.framework; path = ParseFacebookUtilsV4.framework; sourceTree = "<group>"; };
		DC16987E1C207D5800CD60AB /* FBSDKCoreKit.framework */ = {isa = PBXFileReference; lastKnownFileType = wrapper.framework; path = FBSDKCoreKit.framework; sourceTree = "<group>"; };
		DC16987F1C207D5800CD60AB /* FBSDKLoginKit.framework */ = {isa = PBXFileReference; lastKnownFileType = wrapper.framework; path = FBSDKLoginKit.framework; sourceTree = "<group>"; };
		DC1698801C207D5800CD60AB /* FBSDKShareKit.framework */ = {isa = PBXFileReference; lastKnownFileType = wrapper.framework; path = FBSDKShareKit.framework; sourceTree = "<group>"; };
		DC1F39E81C343EED00E6FBE0 /* AboutViewController.swift */ = {isa = PBXFileReference; fileEncoding = 4; lastKnownFileType = sourcecode.swift; path = AboutViewController.swift; sourceTree = "<group>"; };
		DC1F39EA1C34C63D00E6FBE0 /* PrivacyPolicyViewController.swift */ = {isa = PBXFileReference; fileEncoding = 4; lastKnownFileType = sourcecode.swift; path = PrivacyPolicyViewController.swift; sourceTree = "<group>"; };
		DC1F39ED1C34DB3F00E6FBE0 /* EmailComposer.swift */ = {isa = PBXFileReference; fileEncoding = 4; lastKnownFileType = sourcecode.swift; path = EmailComposer.swift; sourceTree = "<group>"; };
		DC261B881C4C8DAC003277DE /* SafariServices.framework */ = {isa = PBXFileReference; lastKnownFileType = wrapper.framework; name = SafariServices.framework; path = System/Library/Frameworks/SafariServices.framework; sourceTree = SDKROOT; };
		DC2910E51C37DE5F0025E968 /* PostTableViewCell.swift */ = {isa = PBXFileReference; fileEncoding = 4; lastKnownFileType = sourcecode.swift; path = PostTableViewCell.swift; sourceTree = "<group>"; };
		DC2964C01C3661A300F2FEF9 /* PhotoTakingHelper.swift */ = {isa = PBXFileReference; fileEncoding = 4; lastKnownFileType = sourcecode.swift; path = PhotoTakingHelper.swift; sourceTree = "<group>"; };
		DC2964C21C36890B00F2FEF9 /* PostDetails.swift */ = {isa = PBXFileReference; fileEncoding = 4; lastKnownFileType = sourcecode.swift; path = PostDetails.swift; sourceTree = "<group>"; };
		DC3B1B141C3F995E00121278 /* Crashlytics.framework */ = {isa = PBXFileReference; lastKnownFileType = wrapper.framework; path = Crashlytics.framework; sourceTree = SOURCE_ROOT; };
		DC46D2F31C3193E4008BBE48 /* ComposeViewController.swift */ = {isa = PBXFileReference; fileEncoding = 4; lastKnownFileType = sourcecode.swift; path = ComposeViewController.swift; sourceTree = "<group>"; };
		DC52D1971C3D6099003AC3F8 /* DetailCellWithImageViewController.swift */ = {isa = PBXFileReference; fileEncoding = 4; lastKnownFileType = sourcecode.swift; path = DetailCellWithImageViewController.swift; sourceTree = "<group>"; };
		DC54E7921C1EF9B8001496AB /* Spekr.app */ = {isa = PBXFileReference; explicitFileType = wrapper.application; includeInIndex = 0; path = Spekr.app; sourceTree = BUILT_PRODUCTS_DIR; };
		DC54E7951C1EF9B8001496AB /* AppDelegate.swift */ = {isa = PBXFileReference; lastKnownFileType = sourcecode.swift; path = AppDelegate.swift; sourceTree = "<group>"; };
		DC54E79C1C1EF9B8001496AB /* Assets.xcassets */ = {isa = PBXFileReference; lastKnownFileType = folder.assetcatalog; path = Assets.xcassets; sourceTree = "<group>"; };
		DC54E79F1C1EF9B8001496AB /* Base */ = {isa = PBXFileReference; lastKnownFileType = file.storyboard; name = Base; path = Base.lproj/LaunchScreen.storyboard; sourceTree = "<group>"; };
		DC54E7A11C1EF9B8001496AB /* Info.plist */ = {isa = PBXFileReference; lastKnownFileType = text.plist.xml; path = Info.plist; sourceTree = "<group>"; };
		DC54E7A91C1F0E71001496AB /* Bolts.framework */ = {isa = PBXFileReference; lastKnownFileType = wrapper.framework; path = Bolts.framework; sourceTree = "<group>"; };
		DC54E7AA1C1F0E71001496AB /* Parse.framework */ = {isa = PBXFileReference; lastKnownFileType = wrapper.framework; path = Parse.framework; sourceTree = "<group>"; };
		DC54E7AD1C1F0E8D001496AB /* StoreKit.framework */ = {isa = PBXFileReference; lastKnownFileType = wrapper.framework; name = StoreKit.framework; path = System/Library/Frameworks/StoreKit.framework; sourceTree = SDKROOT; };
		DC54E7AF1C1F0EA3001496AB /* CoreLocation.framework */ = {isa = PBXFileReference; lastKnownFileType = wrapper.framework; name = CoreLocation.framework; path = System/Library/Frameworks/CoreLocation.framework; sourceTree = SDKROOT; };
		DC54E7B11C1F0EAB001496AB /* CoreGraphics.framework */ = {isa = PBXFileReference; lastKnownFileType = wrapper.framework; name = CoreGraphics.framework; path = System/Library/Frameworks/CoreGraphics.framework; sourceTree = SDKROOT; };
		DC54E7B31C1F0EB2001496AB /* AudioToolbox.framework */ = {isa = PBXFileReference; lastKnownFileType = wrapper.framework; name = AudioToolbox.framework; path = System/Library/Frameworks/AudioToolbox.framework; sourceTree = SDKROOT; };
		DC54E7B51C1F0EC0001496AB /* CFNetwork.framework */ = {isa = PBXFileReference; lastKnownFileType = wrapper.framework; name = CFNetwork.framework; path = System/Library/Frameworks/CFNetwork.framework; sourceTree = SDKROOT; };
		DC54E7B71C1F0EC7001496AB /* QuartzCore.framework */ = {isa = PBXFileReference; lastKnownFileType = wrapper.framework; name = QuartzCore.framework; path = System/Library/Frameworks/QuartzCore.framework; sourceTree = SDKROOT; };
		DC54E7B91C1F0ED5001496AB /* Security.framework */ = {isa = PBXFileReference; lastKnownFileType = wrapper.framework; name = Security.framework; path = System/Library/Frameworks/Security.framework; sourceTree = SDKROOT; };
		DC54E7BB1C1F0EE7001496AB /* SystemConfiguration.framework */ = {isa = PBXFileReference; lastKnownFileType = wrapper.framework; name = SystemConfiguration.framework; path = System/Library/Frameworks/SystemConfiguration.framework; sourceTree = SDKROOT; };
		DC54E7BD1C1F0F02001496AB /* libz.tbd */ = {isa = PBXFileReference; lastKnownFileType = "sourcecode.text-based-dylib-definition"; name = libz.tbd; path = usr/lib/libz.tbd; sourceTree = SDKROOT; };
		DC54E7BF1C1F0F18001496AB /* libsqlite3.tbd */ = {isa = PBXFileReference; lastKnownFileType = "sourcecode.text-based-dylib-definition"; name = libsqlite3.tbd; path = usr/lib/libsqlite3.tbd; sourceTree = SDKROOT; };
		DC54E7C31C1F1242001496AB /* SignInViewController.swift */ = {isa = PBXFileReference; fileEncoding = 4; lastKnownFileType = sourcecode.swift; path = SignInViewController.swift; sourceTree = "<group>"; };
		DC6162041C2BA99800C484FD /* AccountViewController.swift */ = {isa = PBXFileReference; fileEncoding = 4; lastKnownFileType = sourcecode.swift; name = AccountViewController.swift; path = ../AccountViewController.swift; sourceTree = "<group>"; };
		DC6162081C2BAE6700C484FD /* ParseHelper.swift */ = {isa = PBXFileReference; fileEncoding = 4; lastKnownFileType = sourcecode.swift; path = ParseHelper.swift; sourceTree = "<group>"; };
		DC61620F1C2C35DD00C484FD /* LocalFeedViewController.swift */ = {isa = PBXFileReference; fileEncoding = 4; lastKnownFileType = sourcecode.swift; path = LocalFeedViewController.swift; sourceTree = "<group>"; };
		DC65CF5B1C50A48A0045930C /* DetailCellViewController.swift */ = {isa = PBXFileReference; fileEncoding = 4; lastKnownFileType = sourcecode.swift; path = DetailCellViewController.swift; sourceTree = "<group>"; };
		DC65CF5D1C50C3F70045930C /* UserProfileViewController.swift */ = {isa = PBXFileReference; fileEncoding = 4; lastKnownFileType = sourcecode.swift; path = UserProfileViewController.swift; sourceTree = "<group>"; };
		DC746E401C6712B60017DBF1 /* TermsOfServiceViewController.swift */ = {isa = PBXFileReference; fileEncoding = 4; lastKnownFileType = sourcecode.swift; path = TermsOfServiceViewController.swift; sourceTree = "<group>"; };
		DC77EF081C804B2400A0B6EE /* MedianOf.swift */ = {isa = PBXFileReference; fileEncoding = 4; lastKnownFileType = sourcecode.swift; path = MedianOf.swift; sourceTree = "<group>"; };
		DC77EF0A1C8067F400A0B6EE /* TodaysTotalLikes.swift */ = {isa = PBXFileReference; fileEncoding = 4; lastKnownFileType = sourcecode.swift; path = TodaysTotalLikes.swift; sourceTree = "<group>"; };
		DC7B85361C6BA47E00911705 /* MessageUI.framework */ = {isa = PBXFileReference; lastKnownFileType = wrapper.framework; name = MessageUI.framework; path = System/Library/Frameworks/MessageUI.framework; sourceTree = SDKROOT; };
		DC7CB7EC1C737BEC0069E802 /* Main.storyboard */ = {isa = PBXFileReference; fileEncoding = 4; lastKnownFileType = file.storyboard; path = Main.storyboard; sourceTree = "<group>"; };
		DC7CB7F01C748F050069E802 /* SignIn.storyboard */ = {isa = PBXFileReference; fileEncoding = 4; lastKnownFileType = file.storyboard; path = SignIn.storyboard; sourceTree = "<group>"; };
		DC7CB7F31C74909C0069E802 /* LaunchViewController.swift */ = {isa = PBXFileReference; fileEncoding = 4; lastKnownFileType = sourcecode.swift; path = LaunchViewController.swift; sourceTree = "<group>"; };
		DC8669C01C1FEFF600692AAE /* SocialAccountViewController.swift */ = {isa = PBXFileReference; fileEncoding = 4; lastKnownFileType = sourcecode.swift; path = SocialAccountViewController.swift; sourceTree = "<group>"; };
		DC975C741C206F30007BA980 /* TwitterKit.framework */ = {isa = PBXFileReference; lastKnownFileType = wrapper.framework; path = TwitterKit.framework; sourceTree = SOURCE_ROOT; };
		DC975C751C206F30007BA980 /* TwitterKitResources.bundle */ = {isa = PBXFileReference; lastKnownFileType = "wrapper.plug-in"; name = TwitterKitResources.bundle; path = TwitterKit.framework/Versions/A/Resources/TwitterKitResources.bundle; sourceTree = SOURCE_ROOT; };
		DC975C781C20714F007BA980 /* Accounts.framework */ = {isa = PBXFileReference; lastKnownFileType = wrapper.framework; name = Accounts.framework; path = System/Library/Frameworks/Accounts.framework; sourceTree = SDKROOT; };
		DC975C7A1C207154007BA980 /* Social.framework */ = {isa = PBXFileReference; lastKnownFileType = wrapper.framework; name = Social.framework; path = System/Library/Frameworks/Social.framework; sourceTree = SDKROOT; };
		DC975C7C1C207280007BA980 /* ParseTwitterUtils.framework */ = {isa = PBXFileReference; lastKnownFileType = wrapper.framework; path = ParseTwitterUtils.framework; sourceTree = "<group>"; };
		DCB65A071C22860A0094E58B /* PFUserDigits.swift */ = {isa = PBXFileReference; fileEncoding = 4; lastKnownFileType = sourcecode.swift; path = PFUserDigits.swift; sourceTree = "<group>"; };
		DCC304131C57911D001C9E74 /* WorldFeedViewController.swift */ = {isa = PBXFileReference; fileEncoding = 4; lastKnownFileType = sourcecode.swift; path = WorldFeedViewController.swift; sourceTree = "<group>"; };
		DCC8A1051C436EF1009C4846 /* DateFormat.swift */ = {isa = PBXFileReference; fileEncoding = 4; lastKnownFileType = sourcecode.swift; path = DateFormat.swift; sourceTree = "<group>"; };
		DCE302581C686A35002A5B90 /* Notifications.swift */ = {isa = PBXFileReference; fileEncoding = 4; lastKnownFileType = sourcecode.swift; path = Notifications.swift; sourceTree = "<group>"; };
		DCE90A6B1C1FE0B4004A5004 /* Fabric.framework */ = {isa = PBXFileReference; lastKnownFileType = wrapper.framework; path = Fabric.framework; sourceTree = SOURCE_ROOT; };
		DCE90A6C1C1FE0B4004A5004 /* DigitsKit.framework */ = {isa = PBXFileReference; lastKnownFileType = wrapper.framework; path = DigitsKit.framework; sourceTree = SOURCE_ROOT; };
		DCE90A6D1C1FE0B4004A5004 /* DigitsKitResources.bundle */ = {isa = PBXFileReference; lastKnownFileType = "wrapper.plug-in"; name = DigitsKitResources.bundle; path = DigitsKit.framework/Versions/A/Resources/DigitsKitResources.bundle; sourceTree = SOURCE_ROOT; };
		DCE90A6E1C1FE0B4004A5004 /* TwitterCore.framework */ = {isa = PBXFileReference; lastKnownFileType = wrapper.framework; path = TwitterCore.framework; sourceTree = SOURCE_ROOT; };
		DCF1CB871C7C710200169F73 /* FadeInAnimationForSegue.swift */ = {isa = PBXFileReference; fileEncoding = 4; lastKnownFileType = sourcecode.swift; path = FadeInAnimationForSegue.swift; sourceTree = "<group>"; };
		DCF1CB891C7C716900169F73 /* NavigationControllerDelegate.swift */ = {isa = PBXFileReference; fileEncoding = 4; lastKnownFileType = sourcecode.swift; path = NavigationControllerDelegate.swift; sourceTree = "<group>"; };
		DCF1CB8B1C7D9F2B00169F73 /* UserDetails.swift */ = {isa = PBXFileReference; fileEncoding = 4; lastKnownFileType = sourcecode.swift; path = UserDetails.swift; sourceTree = "<group>"; };
		DCF1CB8F1C7E3CEC00169F73 /* UserPostTableViewCell.swift */ = {isa = PBXFileReference; fileEncoding = 4; lastKnownFileType = sourcecode.swift; path = UserPostTableViewCell.swift; sourceTree = "<group>"; };
		DCFE8E0E1C2C6278005A1100 /* NotificationsViewController.swift */ = {isa = PBXFileReference; fileEncoding = 4; lastKnownFileType = sourcecode.swift; path = NotificationsViewController.swift; sourceTree = "<group>"; };
		DCFE8E101C2C62C1005A1100 /* SettingsViewController.swift */ = {isa = PBXFileReference; fileEncoding = 4; lastKnownFileType = sourcecode.swift; path = SettingsViewController.swift; sourceTree = "<group>"; };
		DCFF0ABF1C6CFBFB00E71DF6 /* NotificationTableViewCell.swift */ = {isa = PBXFileReference; fileEncoding = 4; lastKnownFileType = sourcecode.swift; path = NotificationTableViewCell.swift; sourceTree = "<group>"; };
/* End PBXFileReference section */

/* Begin PBXFrameworksBuildPhase section */
		DC54E78F1C1EF9B8001496AB /* Frameworks */ = {
			isa = PBXFrameworksBuildPhase;
			buildActionMask = 2147483647;
			files = (
				DC7B85371C6BA47E00911705 /* MessageUI.framework in Frameworks */,
				DC261B891C4C8DAC003277DE /* SafariServices.framework in Frameworks */,
				DC975C7B1C207154007BA980 /* Social.framework in Frameworks */,
				DC975C7D1C207280007BA980 /* ParseTwitterUtils.framework in Frameworks */,
				DC1698771C207B2F00CD60AB /* ParseFacebookUtilsV4.framework in Frameworks */,
				DC1698811C207D5800CD60AB /* FBSDKCoreKit.framework in Frameworks */,
				DC975C791C20714F007BA980 /* Accounts.framework in Frameworks */,
				DC1698821C207D5800CD60AB /* FBSDKLoginKit.framework in Frameworks */,
				DC54E7C01C1F0F18001496AB /* libsqlite3.tbd in Frameworks */,
				DC54E7BE1C1F0F02001496AB /* libz.tbd in Frameworks */,
				DC1698831C207D5800CD60AB /* FBSDKShareKit.framework in Frameworks */,
				DC54E7BC1C1F0EE7001496AB /* SystemConfiguration.framework in Frameworks */,
				DCE90A701C1FE0B4004A5004 /* DigitsKit.framework in Frameworks */,
				DC54E7BA1C1F0ED5001496AB /* Security.framework in Frameworks */,
				DC54E7B81C1F0EC7001496AB /* QuartzCore.framework in Frameworks */,
				DC54E7B61C1F0EC0001496AB /* CFNetwork.framework in Frameworks */,
				DC54E7B41C1F0EB2001496AB /* AudioToolbox.framework in Frameworks */,
				DC54E7B21C1F0EAB001496AB /* CoreGraphics.framework in Frameworks */,
				DCE90A6F1C1FE0B4004A5004 /* Fabric.framework in Frameworks */,
				DCE90A721C1FE0B4004A5004 /* TwitterCore.framework in Frameworks */,
				DC975C761C206F30007BA980 /* TwitterKit.framework in Frameworks */,
				DC54E7B01C1F0EA3001496AB /* CoreLocation.framework in Frameworks */,
				DC54E7AE1C1F0E8D001496AB /* StoreKit.framework in Frameworks */,
				DC3B1B151C3F995E00121278 /* Crashlytics.framework in Frameworks */,
				DC54E7AC1C1F0E71001496AB /* Parse.framework in Frameworks */,
				DC1698761C207B2F00CD60AB /* ParseFacebookUtils.framework in Frameworks */,
				DC54E7AB1C1F0E71001496AB /* Bolts.framework in Frameworks */,
				0BEE9B5C14CBD2D9BB10B3E1 /* Pods_Spekr.framework in Frameworks */,
			);
			runOnlyForDeploymentPostprocessing = 0;
		};
/* End PBXFrameworksBuildPhase section */

/* Begin PBXGroup section */
		3084F0210EC94FF100DE7661 /* Pods */ = {
			isa = PBXGroup;
			children = (
				338E117AF89E8887428E76DF /* Pods-Spekr.debug.xcconfig */,
				478294C8D6D408863BCF6E7F /* Pods-Spekr.release.xcconfig */,
			);
			name = Pods;
			sourceTree = "<group>";
		};
		7CDD7091DE9110D6754C46D2 /* Frameworks */ = {
			isa = PBXGroup;
			children = (
				DC7B85361C6BA47E00911705 /* MessageUI.framework */,
				3EEAD013E78665B52F84469C /* Pods_Spekr.framework */,
			);
			name = Frameworks;
			sourceTree = "<group>";
		};
		DC0B52AA1C60A19C00D83037 /* Extensions */ = {
			isa = PBXGroup;
			children = (
				DC0B52AB1C60A1C700D83037 /* UIColorExtension.swift */,
			);
			path = Extensions;
			sourceTree = "<group>";
		};
		DC0F4B491C79843400A18F9E /* DACircularProgress */ = {
			isa = PBXGroup;
			children = (
				DC0F4B4A1C79843400A18F9E /* DACircularProgressView.h */,
				DC0F4B4B1C79843400A18F9E /* DACircularProgressView.m */,
				DC0F4B4C1C79843400A18F9E /* DALabeledCircularProgressView.h */,
				DC0F4B4D1C79843400A18F9E /* DALabeledCircularProgressView.m */,
			);
			path = DACircularProgress;
			sourceTree = "<group>";
		};
		DC1F39E71C343ED700E6FBE0 /* SettingItemsViewControllers */ = {
			isa = PBXGroup;
			children = (
				DC6162041C2BA99800C484FD /* AccountViewController.swift */,
				DC1F39E81C343EED00E6FBE0 /* AboutViewController.swift */,
				DC1F39EA1C34C63D00E6FBE0 /* PrivacyPolicyViewController.swift */,
				DC746E401C6712B60017DBF1 /* TermsOfServiceViewController.swift */,
			);
			path = SettingItemsViewControllers;
			sourceTree = "<group>";
		};
		DC1F39EC1C34DAF200E6FBE0 /* HelperClasses */ = {
			isa = PBXGroup;
			children = (
				DC1F39ED1C34DB3F00E6FBE0 /* EmailComposer.swift */,
				DC2964C01C3661A300F2FEF9 /* PhotoTakingHelper.swift */,
				DCC8A1051C436EF1009C4846 /* DateFormat.swift */,
				DCFF0ABF1C6CFBFB00E71DF6 /* NotificationTableViewCell.swift */,
				DCF1CB871C7C710200169F73 /* FadeInAnimationForSegue.swift */,
				DCF1CB891C7C716900169F73 /* NavigationControllerDelegate.swift */,
				DCF1CB8F1C7E3CEC00169F73 /* UserPostTableViewCell.swift */,
				DC77EF081C804B2400A0B6EE /* MedianOf.swift */,
				DC77EF0A1C8067F400A0B6EE /* TodaysTotalLikes.swift */,
			);
			path = HelperClasses;
			sourceTree = "<group>";
		};
		DC54E7891C1EF9B8001496AB = {
			isa = PBXGroup;
			children = (
				DC54E7941C1EF9B8001496AB /* Spekr */,
				DC54E7931C1EF9B8001496AB /* Products */,
				3084F0210EC94FF100DE7661 /* Pods */,
				7CDD7091DE9110D6754C46D2 /* Frameworks */,
			);
			sourceTree = "<group>";
		};
		DC54E7931C1EF9B8001496AB /* Products */ = {
			isa = PBXGroup;
			children = (
				DC54E7921C1EF9B8001496AB /* Spekr.app */,
			);
			name = Products;
			sourceTree = "<group>";
		};
		DC54E7941C1EF9B8001496AB /* Spekr */ = {
			isa = PBXGroup;
			children = (
				DC7CB7F21C7490770069E802 /* SignInViewControllers */,
				DC61620C1C2BB77D00C484FD /* Models */,
				DCE90A671C1FDEEB004A5004 /* Helpers */,
				DC54E7A81C1F0E1A001496AB /* Frameworks */,
				DC54E7A71C1F0ABA001496AB /* ViewControllers */,
				DC54E7951C1EF9B8001496AB /* AppDelegate.swift */,
				DC7CB7EC1C737BEC0069E802 /* Main.storyboard */,
				DC7CB7F01C748F050069E802 /* SignIn.storyboard */,
				DC54E79C1C1EF9B8001496AB /* Assets.xcassets */,
				DC54E79E1C1EF9B8001496AB /* LaunchScreen.storyboard */,
				DC54E7A11C1EF9B8001496AB /* Info.plist */,
			);
			path = Spekr;
			sourceTree = "<group>";
		};
		DC54E7A71C1F0ABA001496AB /* ViewControllers */ = {
			isa = PBXGroup;
			children = (
				DC1F39E71C343ED700E6FBE0 /* SettingItemsViewControllers */,
				DC54E7C31C1F1242001496AB /* SignInViewController.swift */,
				DC8669C01C1FEFF600692AAE /* SocialAccountViewController.swift */,
				DC61620F1C2C35DD00C484FD /* LocalFeedViewController.swift */,
				DCC304131C57911D001C9E74 /* WorldFeedViewController.swift */,
				DCFE8E0E1C2C6278005A1100 /* NotificationsViewController.swift */,
				DC46D2F31C3193E4008BBE48 /* ComposeViewController.swift */,
				DCFE8E101C2C62C1005A1100 /* SettingsViewController.swift */,
				DC2910E51C37DE5F0025E968 /* PostTableViewCell.swift */,
				DC52D1971C3D6099003AC3F8 /* DetailCellWithImageViewController.swift */,
				DC65CF5B1C50A48A0045930C /* DetailCellViewController.swift */,
				DC65CF5D1C50C3F70045930C /* UserProfileViewController.swift */,
			);
			path = ViewControllers;
			sourceTree = "<group>";
		};
		DC54E7A81C1F0E1A001496AB /* Frameworks */ = {
			isa = PBXGroup;
			children = (
				DC261B881C4C8DAC003277DE /* SafariServices.framework */,
				DC3B1B141C3F995E00121278 /* Crashlytics.framework */,
				DC975C7A1C207154007BA980 /* Social.framework */,
				DC975C781C20714F007BA980 /* Accounts.framework */,
				DC16987E1C207D5800CD60AB /* FBSDKCoreKit.framework */,
				DC16987F1C207D5800CD60AB /* FBSDKLoginKit.framework */,
				DC1698801C207D5800CD60AB /* FBSDKShareKit.framework */,
				DC1698741C207B2F00CD60AB /* ParseFacebookUtils.framework */,
				DC1698751C207B2F00CD60AB /* ParseFacebookUtilsV4.framework */,
				DC975C7C1C207280007BA980 /* ParseTwitterUtils.framework */,
				DC975C741C206F30007BA980 /* TwitterKit.framework */,
				DC975C751C206F30007BA980 /* TwitterKitResources.bundle */,
				DCE90A6B1C1FE0B4004A5004 /* Fabric.framework */,
				DCE90A6C1C1FE0B4004A5004 /* DigitsKit.framework */,
				DCE90A6D1C1FE0B4004A5004 /* DigitsKitResources.bundle */,
				DCE90A6E1C1FE0B4004A5004 /* TwitterCore.framework */,
				DC54E7BF1C1F0F18001496AB /* libsqlite3.tbd */,
				DC54E7BD1C1F0F02001496AB /* libz.tbd */,
				DC54E7BB1C1F0EE7001496AB /* SystemConfiguration.framework */,
				DC54E7B91C1F0ED5001496AB /* Security.framework */,
				DC54E7B71C1F0EC7001496AB /* QuartzCore.framework */,
				DC54E7B51C1F0EC0001496AB /* CFNetwork.framework */,
				DC54E7B31C1F0EB2001496AB /* AudioToolbox.framework */,
				DC54E7B11C1F0EAB001496AB /* CoreGraphics.framework */,
				DC54E7AF1C1F0EA3001496AB /* CoreLocation.framework */,
				DC54E7AD1C1F0E8D001496AB /* StoreKit.framework */,
				DC54E7A91C1F0E71001496AB /* Bolts.framework */,
				DC54E7AA1C1F0E71001496AB /* Parse.framework */,
			);
			path = Frameworks;
			sourceTree = "<group>";
		};
		DC61620C1C2BB77D00C484FD /* Models */ = {
			isa = PBXGroup;
			children = (
				DC2964C21C36890B00F2FEF9 /* PostDetails.swift */,
				DCE302581C686A35002A5B90 /* Notifications.swift */,
				DCF1CB8B1C7D9F2B00169F73 /* UserDetails.swift */,
			);
			path = Models;
			sourceTree = "<group>";
		};
		DC7CB7F21C7490770069E802 /* SignInViewControllers */ = {
			isa = PBXGroup;
			children = (
				DC7CB7F31C74909C0069E802 /* LaunchViewController.swift */,
			);
			path = SignInViewControllers;
			sourceTree = "<group>";
		};
		DCE90A671C1FDEEB004A5004 /* Helpers */ = {
			isa = PBXGroup;
			children = (
				DC0F4B491C79843400A18F9E /* DACircularProgress */,
				DC0B52AA1C60A19C00D83037 /* Extensions */,
				DC1F39EC1C34DAF200E6FBE0 /* HelperClasses */,
				DCE90A681C1FDEEB004A5004 /* ErrorHelpers */,
				DCE90A691C1FDEEB004A5004 /* ParseHelpers */,
				DC0B52AD1C60D97D00D83037 /* SweetAlert.swift */,
				DC0F4B511C79852F00A18F9E /* SpekrHeader.h */,
			);
			path = Helpers;
			sourceTree = "<group>";
		};
		DCE90A681C1FDEEB004A5004 /* ErrorHelpers */ = {
			isa = PBXGroup;
			children = (
			);
			path = ErrorHelpers;
			sourceTree = "<group>";
		};
		DCE90A691C1FDEEB004A5004 /* ParseHelpers */ = {
			isa = PBXGroup;
			children = (
				DCB65A071C22860A0094E58B /* PFUserDigits.swift */,
				DC6162081C2BAE6700C484FD /* ParseHelper.swift */,
			);
			path = ParseHelpers;
			sourceTree = "<group>";
		};
/* End PBXGroup section */

/* Begin PBXNativeTarget section */
		DC54E7911C1EF9B8001496AB /* Spekr */ = {
			isa = PBXNativeTarget;
			buildConfigurationList = DC54E7A41C1EF9B8001496AB /* Build configuration list for PBXNativeTarget "Spekr" */;
			buildPhases = (
				AE05B770284F57F61DBF0B72 /* Check Pods Manifest.lock */,
				DC54E78E1C1EF9B8001496AB /* Sources */,
				DC54E78F1C1EF9B8001496AB /* Frameworks */,
				DC54E7901C1EF9B8001496AB /* Resources */,
				DCE90A6A1C1FE05D004A5004 /* ShellScript */,
				970B7EF78F5378B8AB4B273F /* Embed Pods Frameworks */,
				7A7EA39A1BAC2EB221B5AF6B /* Copy Pods Resources */,
			);
			buildRules = (
			);
			dependencies = (
			);
			name = Spekr;
			productName = Spekr;
			productReference = DC54E7921C1EF9B8001496AB /* Spekr.app */;
			productType = "com.apple.product-type.application";
		};
/* End PBXNativeTarget section */

/* Begin PBXProject section */
		DC54E78A1C1EF9B8001496AB /* Project object */ = {
			isa = PBXProject;
			attributes = {
				LastSwiftUpdateCheck = 0710;
				LastUpgradeCheck = 0710;
				ORGANIZATIONNAME = "Arjun Kodur";
				TargetAttributes = {
					DC54E7911C1EF9B8001496AB = {
						CreatedOnToolsVersion = 7.1.1;
						DevelopmentTeam = E696HLUBV9;
						SystemCapabilities = {
							com.apple.Push = {
								enabled = 1;
							};
						};
					};
				};
			};
			buildConfigurationList = DC54E78D1C1EF9B8001496AB /* Build configuration list for PBXProject "Spekr" */;
			compatibilityVersion = "Xcode 3.2";
			developmentRegion = English;
			hasScannedForEncodings = 0;
			knownRegions = (
				en,
				Base,
			);
			mainGroup = DC54E7891C1EF9B8001496AB;
			productRefGroup = DC54E7931C1EF9B8001496AB /* Products */;
			projectDirPath = "";
			projectRoot = "";
			targets = (
				DC54E7911C1EF9B8001496AB /* Spekr */,
			);
		};
/* End PBXProject section */

/* Begin PBXResourcesBuildPhase section */
		DC54E7901C1EF9B8001496AB /* Resources */ = {
			isa = PBXResourcesBuildPhase;
			buildActionMask = 2147483647;
			files = (
				DCE90A711C1FE0B4004A5004 /* DigitsKitResources.bundle in Resources */,
				DC7CB7ED1C737BEC0069E802 /* Main.storyboard in Resources */,
				DC54E7A01C1EF9B8001496AB /* LaunchScreen.storyboard in Resources */,
				DC54E79D1C1EF9B8001496AB /* Assets.xcassets in Resources */,
				DC7CB7F11C748F050069E802 /* SignIn.storyboard in Resources */,
				DC975C771C206F30007BA980 /* TwitterKitResources.bundle in Resources */,
			);
			runOnlyForDeploymentPostprocessing = 0;
		};
/* End PBXResourcesBuildPhase section */

/* Begin PBXShellScriptBuildPhase section */
		7A7EA39A1BAC2EB221B5AF6B /* Copy Pods Resources */ = {
			isa = PBXShellScriptBuildPhase;
			buildActionMask = 2147483647;
			files = (
			);
			inputPaths = (
			);
			name = "Copy Pods Resources";
			outputPaths = (
			);
			runOnlyForDeploymentPostprocessing = 0;
			shellPath = /bin/sh;
			shellScript = "\"${SRCROOT}/Pods/Target Support Files/Pods-Spekr/Pods-Spekr-resources.sh\"\n";
			showEnvVarsInLog = 0;
		};
		970B7EF78F5378B8AB4B273F /* Embed Pods Frameworks */ = {
			isa = PBXShellScriptBuildPhase;
			buildActionMask = 2147483647;
			files = (
			);
			inputPaths = (
			);
			name = "Embed Pods Frameworks";
			outputPaths = (
			);
			runOnlyForDeploymentPostprocessing = 0;
			shellPath = /bin/sh;
			shellScript = "\"${SRCROOT}/Pods/Target Support Files/Pods-Spekr/Pods-Spekr-frameworks.sh\"\n";
			showEnvVarsInLog = 0;
		};
		AE05B770284F57F61DBF0B72 /* Check Pods Manifest.lock */ = {
			isa = PBXShellScriptBuildPhase;
			buildActionMask = 2147483647;
			files = (
			);
			inputPaths = (
			);
			name = "Check Pods Manifest.lock";
			outputPaths = (
			);
			runOnlyForDeploymentPostprocessing = 0;
			shellPath = /bin/sh;
			shellScript = "diff \"${PODS_ROOT}/../Podfile.lock\" \"${PODS_ROOT}/Manifest.lock\" > /dev/null\nif [[ $? != 0 ]] ; then\n    cat << EOM\nerror: The sandbox is not in sync with the Podfile.lock. Run 'pod install' or update your CocoaPods installation.\nEOM\n    exit 1\nfi\n";
			showEnvVarsInLog = 0;
		};
		DCE90A6A1C1FE05D004A5004 /* ShellScript */ = {
			isa = PBXShellScriptBuildPhase;
			buildActionMask = 2147483647;
			files = (
			);
			inputPaths = (
			);
			outputPaths = (
			);
			runOnlyForDeploymentPostprocessing = 0;
			shellPath = /bin/sh;
			shellScript = "./Fabric.framework/run 4ddd1869502455974a6c4c3f575a654a633ab426 f741e96808b447cb783ebf2f80947266040688ccb92f0acf84a27c3d8ee4d5b0";
		};
/* End PBXShellScriptBuildPhase section */

/* Begin PBXSourcesBuildPhase section */
		DC54E78E1C1EF9B8001496AB /* Sources */ = {
			isa = PBXSourcesBuildPhase;
			buildActionMask = 2147483647;
			files = (
				DC6162101C2C35DD00C484FD /* LocalFeedViewController.swift in Sources */,
				DC65CF5E1C50C3F70045930C /* UserProfileViewController.swift in Sources */,
				DCFF0AC01C6CFBFB00E71DF6 /* NotificationTableViewCell.swift in Sources */,
				DC0B52AE1C60D97D00D83037 /* SweetAlert.swift in Sources */,
				DCC304141C57911D001C9E74 /* WorldFeedViewController.swift in Sources */,
				DC8669C11C1FEFF600692AAE /* SocialAccountViewController.swift in Sources */,
				DC1F39E91C343EED00E6FBE0 /* AboutViewController.swift in Sources */,
				DC1F39EB1C34C63D00E6FBE0 /* PrivacyPolicyViewController.swift in Sources */,
				DC2964C11C3661A300F2FEF9 /* PhotoTakingHelper.swift in Sources */,
				DC54E7C41C1F1242001496AB /* SignInViewController.swift in Sources */,
				DCE302591C686A35002A5B90 /* Notifications.swift in Sources */,
				DC6162051C2BA99800C484FD /* AccountViewController.swift in Sources */,
				DCB65A081C22860A0094E58B /* PFUserDigits.swift in Sources */,
				DC46D2F41C3193E4008BBE48 /* ComposeViewController.swift in Sources */,
				DC54E7961C1EF9B8001496AB /* AppDelegate.swift in Sources */,
				DCF1CB881C7C710200169F73 /* FadeInAnimationForSegue.swift in Sources */,
				DC52D1981C3D6099003AC3F8 /* DetailCellWithImageViewController.swift in Sources */,
				DC746E411C6712B60017DBF1 /* TermsOfServiceViewController.swift in Sources */,
				DC77EF091C804B2400A0B6EE /* MedianOf.swift in Sources */,
				DC6162091C2BAE6700C484FD /* ParseHelper.swift in Sources */,
				DC0F4B4F1C79843400A18F9E /* DALabeledCircularProgressView.m in Sources */,
				DC0F4B4E1C79843400A18F9E /* DACircularProgressView.m in Sources */,
				DC7CB7F41C74909C0069E802 /* LaunchViewController.swift in Sources */,
				DC2910E61C37DE5F0025E968 /* PostTableViewCell.swift in Sources */,
				DCFE8E0F1C2C6278005A1100 /* NotificationsViewController.swift in Sources */,
				DC2964C31C36890B00F2FEF9 /* PostDetails.swift in Sources */,
				DCFE8E111C2C62C1005A1100 /* SettingsViewController.swift in Sources */,
				DC65CF5C1C50A48A0045930C /* DetailCellViewController.swift in Sources */,
				DCF1CB8A1C7C716900169F73 /* NavigationControllerDelegate.swift in Sources */,
				DC0B52AC1C60A1C700D83037 /* UIColorExtension.swift in Sources */,
				DCF1CB901C7E3CEC00169F73 /* UserPostTableViewCell.swift in Sources */,
				DCC8A1061C436EF1009C4846 /* DateFormat.swift in Sources */,
				DC1F39EE1C34DB3F00E6FBE0 /* EmailComposer.swift in Sources */,
				DCF1CB8C1C7D9F2B00169F73 /* UserDetails.swift in Sources */,
				DC77EF0B1C8067F400A0B6EE /* TodaysTotalLikes.swift in Sources */,
			);
			runOnlyForDeploymentPostprocessing = 0;
		};
/* End PBXSourcesBuildPhase section */

/* Begin PBXVariantGroup section */
		DC54E79E1C1EF9B8001496AB /* LaunchScreen.storyboard */ = {
			isa = PBXVariantGroup;
			children = (
				DC54E79F1C1EF9B8001496AB /* Base */,
			);
			name = LaunchScreen.storyboard;
			sourceTree = "<group>";
		};
/* End PBXVariantGroup section */

/* Begin XCBuildConfiguration section */
		DC54E7A21C1EF9B8001496AB /* Debug */ = {
			isa = XCBuildConfiguration;
			buildSettings = {
				ALWAYS_SEARCH_USER_PATHS = NO;
				CLANG_CXX_LANGUAGE_STANDARD = "gnu++0x";
				CLANG_CXX_LIBRARY = "libc++";
				CLANG_ENABLE_MODULES = YES;
				CLANG_ENABLE_OBJC_ARC = YES;
				CLANG_WARN_BOOL_CONVERSION = YES;
				CLANG_WARN_CONSTANT_CONVERSION = YES;
				CLANG_WARN_DIRECT_OBJC_ISA_USAGE = YES_ERROR;
				CLANG_WARN_EMPTY_BODY = YES;
				CLANG_WARN_ENUM_CONVERSION = YES;
				CLANG_WARN_INT_CONVERSION = YES;
				CLANG_WARN_OBJC_ROOT_CLASS = YES_ERROR;
				CLANG_WARN_UNREACHABLE_CODE = YES;
				CLANG_WARN__DUPLICATE_METHOD_MATCH = YES;
				"CODE_SIGN_IDENTITY[sdk=iphoneos*]" = "iPhone Developer";
				COPY_PHASE_STRIP = NO;
				DEBUG_INFORMATION_FORMAT = dwarf;
				ENABLE_STRICT_OBJC_MSGSEND = YES;
				ENABLE_TESTABILITY = YES;
				GCC_C_LANGUAGE_STANDARD = gnu99;
				GCC_DYNAMIC_NO_PIC = NO;
				GCC_NO_COMMON_BLOCKS = YES;
				GCC_OPTIMIZATION_LEVEL = 0;
				GCC_PREPROCESSOR_DEFINITIONS = (
					"DEBUG=1",
					"$(inherited)",
				);
				GCC_WARN_64_TO_32_BIT_CONVERSION = YES;
				GCC_WARN_ABOUT_RETURN_TYPE = YES_ERROR;
				GCC_WARN_UNDECLARED_SELECTOR = YES;
				GCC_WARN_UNINITIALIZED_AUTOS = YES_AGGRESSIVE;
				GCC_WARN_UNUSED_FUNCTION = YES;
				GCC_WARN_UNUSED_VARIABLE = YES;
				IPHONEOS_DEPLOYMENT_TARGET = 9.1;
				MTL_ENABLE_DEBUG_INFO = YES;
				ONLY_ACTIVE_ARCH = YES;
				SDKROOT = iphoneos;
				SWIFT_OPTIMIZATION_LEVEL = "-Onone";
			};
			name = Debug;
		};
		DC54E7A31C1EF9B8001496AB /* Release */ = {
			isa = XCBuildConfiguration;
			buildSettings = {
				ALWAYS_SEARCH_USER_PATHS = NO;
				CLANG_CXX_LANGUAGE_STANDARD = "gnu++0x";
				CLANG_CXX_LIBRARY = "libc++";
				CLANG_ENABLE_MODULES = YES;
				CLANG_ENABLE_OBJC_ARC = YES;
				CLANG_WARN_BOOL_CONVERSION = YES;
				CLANG_WARN_CONSTANT_CONVERSION = YES;
				CLANG_WARN_DIRECT_OBJC_ISA_USAGE = YES_ERROR;
				CLANG_WARN_EMPTY_BODY = YES;
				CLANG_WARN_ENUM_CONVERSION = YES;
				CLANG_WARN_INT_CONVERSION = YES;
				CLANG_WARN_OBJC_ROOT_CLASS = YES_ERROR;
				CLANG_WARN_UNREACHABLE_CODE = YES;
				CLANG_WARN__DUPLICATE_METHOD_MATCH = YES;
				"CODE_SIGN_IDENTITY[sdk=iphoneos*]" = "iPhone Developer";
				COPY_PHASE_STRIP = NO;
				DEBUG_INFORMATION_FORMAT = "dwarf-with-dsym";
				ENABLE_NS_ASSERTIONS = NO;
				ENABLE_STRICT_OBJC_MSGSEND = YES;
				GCC_C_LANGUAGE_STANDARD = gnu99;
				GCC_NO_COMMON_BLOCKS = YES;
				GCC_WARN_64_TO_32_BIT_CONVERSION = YES;
				GCC_WARN_ABOUT_RETURN_TYPE = YES_ERROR;
				GCC_WARN_UNDECLARED_SELECTOR = YES;
				GCC_WARN_UNINITIALIZED_AUTOS = YES_AGGRESSIVE;
				GCC_WARN_UNUSED_FUNCTION = YES;
				GCC_WARN_UNUSED_VARIABLE = YES;
				IPHONEOS_DEPLOYMENT_TARGET = 9.1;
				MTL_ENABLE_DEBUG_INFO = NO;
				SDKROOT = iphoneos;
				VALIDATE_PRODUCT = YES;
			};
			name = Release;
		};
		DC54E7A51C1EF9B8001496AB /* Debug */ = {
			isa = XCBuildConfiguration;
			baseConfigurationReference = 338E117AF89E8887428E76DF /* Pods-Spekr.debug.xcconfig */;
			buildSettings = {
				ASSETCATALOG_COMPILER_APPICON_NAME = AppIcon;
				CODE_SIGN_IDENTITY = "iPhone Developer";
				"CODE_SIGN_IDENTITY[sdk=iphoneos*]" = "iPhone Developer";
				DEBUG_INFORMATION_FORMAT = "dwarf-with-dsym";
				FRAMEWORK_SEARCH_PATHS = (
					"$(inherited)",
					"$(PROJECT_DIR)/Spekr/Frameworks",
					"$(PROJECT_DIR)",
				);
				INFOPLIST_FILE = Spekr/Info.plist;
				IPHONEOS_DEPLOYMENT_TARGET = 9.2;
				LD_RUNPATH_SEARCH_PATHS = "$(inherited) @executable_path/Frameworks";
				PRODUCT_BUNDLE_IDENTIFIER = com.spekrapp.Spekr;
				PRODUCT_NAME = "$(TARGET_NAME)";
				PROVISIONING_PROFILE = "";
				SWIFT_OBJC_BRIDGING_HEADER = /Users/Arjun/GitHubLocalRepo/Spekr/Spekr/Helpers/SpekrHeader.h;
			};
			name = Debug;
		};
		DC54E7A61C1EF9B8001496AB /* Release */ = {
			isa = XCBuildConfiguration;
			baseConfigurationReference = 478294C8D6D408863BCF6E7F /* Pods-Spekr.release.xcconfig */;
			buildSettings = {
				ASSETCATALOG_COMPILER_APPICON_NAME = AppIcon;
				CODE_SIGN_IDENTITY = "iPhone Developer";
				"CODE_SIGN_IDENTITY[sdk=iphoneos*]" = "iPhone Developer";
				FRAMEWORK_SEARCH_PATHS = (
					"$(inherited)",
					"$(PROJECT_DIR)/Spekr/Frameworks",
					"$(PROJECT_DIR)",
				);
				INFOPLIST_FILE = Spekr/Info.plist;
				IPHONEOS_DEPLOYMENT_TARGET = 9.2;
				LD_RUNPATH_SEARCH_PATHS = "$(inherited) @executable_path/Frameworks";
				PRODUCT_BUNDLE_IDENTIFIER = com.spekrapp.Spekr;
				PRODUCT_NAME = "$(TARGET_NAME)";
				PROVISIONING_PROFILE = "";
				SWIFT_OBJC_BRIDGING_HEADER = /Users/Arjun/GitHubLocalRepo/Spekr/Spekr/Helpers/SpekrHeader.h;
			};
			name = Release;
		};
/* End XCBuildConfiguration section */

/* Begin XCConfigurationList section */
		DC54E78D1C1EF9B8001496AB /* Build configuration list for PBXProject "Spekr" */ = {
			isa = XCConfigurationList;
			buildConfigurations = (
				DC54E7A21C1EF9B8001496AB /* Debug */,
				DC54E7A31C1EF9B8001496AB /* Release */,
			);
			defaultConfigurationIsVisible = 0;
			defaultConfigurationName = Release;
		};
		DC54E7A41C1EF9B8001496AB /* Build configuration list for PBXNativeTarget "Spekr" */ = {
			isa = XCConfigurationList;
			buildConfigurations = (
				DC54E7A51C1EF9B8001496AB /* Debug */,
				DC54E7A61C1EF9B8001496AB /* Release */,
			);
			defaultConfigurationIsVisible = 0;
			defaultConfigurationName = Release;
		};
/* End XCConfigurationList section */
	};
	rootObject = DC54E78A1C1EF9B8001496AB /* Project object */;
}
